// !$*UTF8*$!
{
	archiveVersion = 1;
	classes = {
	};
	objectVersion = 56;
	objects = {

/* Begin PBXBuildFile section */
		4F837B202C514E7900C455ED /* NullStore.swift in Sources */ = {isa = PBXBuildFile; fileRef = 4F837B1F2C514E7900C455ED /* NullStore.swift */; };
		4F837B222C52A75400C455ED /* FeedLoaderWithFallbackCompositeTests.swift in Sources */ = {isa = PBXBuildFile; fileRef = 4F837B212C52A75400C455ED /* FeedLoaderWithFallbackCompositeTests.swift */; };
		4F837B242C52B01B00C455ED /* FeedLoaderWithFallbackComposite.swift in Sources */ = {isa = PBXBuildFile; fileRef = 4F837B232C52B01B00C455ED /* FeedLoaderWithFallbackComposite.swift */; };
		4F837B262C52B11300C455ED /* FeedImageDataLoaderWithFallbackCompositeTests.swift in Sources */ = {isa = PBXBuildFile; fileRef = 4F837B252C52B11300C455ED /* FeedImageDataLoaderWithFallbackCompositeTests.swift */; };
		4FAAF7582C514A5F005E6918 /* FeedLoaderPresentationAdapter.swift in Sources */ = {isa = PBXBuildFile; fileRef = 4FAAF7572C514A5F005E6918 /* FeedLoaderPresentationAdapter.swift */; };
		4FAAF75A2C514A85005E6918 /* FeedImageDataLoaderPresentationAdapter.swift in Sources */ = {isa = PBXBuildFile; fileRef = 4FAAF7592C514A85005E6918 /* FeedImageDataLoaderPresentationAdapter.swift */; };
		4FAAF75C2C514ACA005E6918 /* FeedViewAdapter.swift in Sources */ = {isa = PBXBuildFile; fileRef = 4FAAF75B2C514ACA005E6918 /* FeedViewAdapter.swift */; };
		4FAD60D72C4EE1A500094765 /* AppDelegate.swift in Sources */ = {isa = PBXBuildFile; fileRef = 4FAD60D62C4EE1A500094765 /* AppDelegate.swift */; };
		4FAD60D92C4EE1A500094765 /* SceneDelegate.swift in Sources */ = {isa = PBXBuildFile; fileRef = 4FAD60D82C4EE1A500094765 /* SceneDelegate.swift */; };
		4FAD60E02C4EE1A700094765 /* Assets.xcassets in Resources */ = {isa = PBXBuildFile; fileRef = 4FAD60DF2C4EE1A700094765 /* Assets.xcassets */; };
		4FAD60E32C4EE1A700094765 /* Base in Resources */ = {isa = PBXBuildFile; fileRef = 4FAD60E22C4EE1A700094765 /* Base */; };
		4FAD61082C4EE20D00094765 /* EssentialNews.framework in Frameworks */ = {isa = PBXBuildFile; fileRef = 4FAD61072C4EE20D00094765 /* EssentialNews.framework */; };
		4FAD61092C4EE20D00094765 /* EssentialNews.framework in Embed Frameworks */ = {isa = PBXBuildFile; fileRef = 4FAD61072C4EE20D00094765 /* EssentialNews.framework */; settings = {ATTRIBUTES = (CodeSignOnCopy, RemoveHeadersOnCopy, ); }; };
		4FAD610C2C4EE21100094765 /* EssentialNewsiOS.framework in Frameworks */ = {isa = PBXBuildFile; fileRef = 4FAD610B2C4EE21100094765 /* EssentialNewsiOS.framework */; };
		4FAD610D2C4EE21100094765 /* EssentialNewsiOS.framework in Embed Frameworks */ = {isa = PBXBuildFile; fileRef = 4FAD610B2C4EE21100094765 /* EssentialNewsiOS.framework */; settings = {ATTRIBUTES = (CodeSignOnCopy, RemoveHeadersOnCopy, ); }; };
		4FF2B0852C4EE5F3003F543B /* FeedUIComposer.swift in Sources */ = {isa = PBXBuildFile; fileRef = 4FF2B0842C4EE5F3003F543B /* FeedUIComposer.swift */; };
		4FF2B0872C4F8FD0003F543B /* WeakRefVirtualProxy.swift in Sources */ = {isa = PBXBuildFile; fileRef = 4FF2B0862C4F8FD0003F543B /* WeakRefVirtualProxy.swift */; };
		4FF2B0892C501936003F543B /* MainQueueDispatchDecorator.swift in Sources */ = {isa = PBXBuildFile; fileRef = 4FF2B0882C501936003F543B /* MainQueueDispatchDecorator.swift */; };
/* End PBXBuildFile section */

/* Begin PBXContainerItemProxy section */
		4FAD60EA2C4EE1A700094765 /* PBXContainerItemProxy */ = {
			isa = PBXContainerItemProxy;
			containerPortal = 4FAD60CB2C4EE1A500094765 /* Project object */;
			proxyType = 1;
			remoteGlobalIDString = 4FAD60D22C4EE1A500094765;
			remoteInfo = EssentialNewsApp;
		};
/* End PBXContainerItemProxy section */

/* Begin PBXCopyFilesBuildPhase section */
		4FAD610A2C4EE20D00094765 /* Embed Frameworks */ = {
			isa = PBXCopyFilesBuildPhase;
			buildActionMask = 2147483647;
			dstPath = "";
			dstSubfolderSpec = 10;
			files = (
				4FAD610D2C4EE21100094765 /* EssentialNewsiOS.framework in Embed Frameworks */,
				4FAD61092C4EE20D00094765 /* EssentialNews.framework in Embed Frameworks */,
			);
			name = "Embed Frameworks";
			runOnlyForDeploymentPostprocessing = 0;
		};
/* End PBXCopyFilesBuildPhase section */

/* Begin PBXFileReference section */
		4F837B1F2C514E7900C455ED /* NullStore.swift */ = {isa = PBXFileReference; lastKnownFileType = sourcecode.swift; path = NullStore.swift; sourceTree = "<group>"; };
		4F837B212C52A75400C455ED /* FeedLoaderWithFallbackCompositeTests.swift */ = {isa = PBXFileReference; lastKnownFileType = sourcecode.swift; path = FeedLoaderWithFallbackCompositeTests.swift; sourceTree = "<group>"; };
		4F837B232C52B01B00C455ED /* FeedLoaderWithFallbackComposite.swift */ = {isa = PBXFileReference; lastKnownFileType = sourcecode.swift; path = FeedLoaderWithFallbackComposite.swift; sourceTree = "<group>"; };
		4F837B252C52B11300C455ED /* FeedImageDataLoaderWithFallbackCompositeTests.swift */ = {isa = PBXFileReference; lastKnownFileType = sourcecode.swift; path = FeedImageDataLoaderWithFallbackCompositeTests.swift; sourceTree = "<group>"; };
		4FAAF7572C514A5F005E6918 /* FeedLoaderPresentationAdapter.swift */ = {isa = PBXFileReference; lastKnownFileType = sourcecode.swift; path = FeedLoaderPresentationAdapter.swift; sourceTree = "<group>"; };
		4FAAF7592C514A85005E6918 /* FeedImageDataLoaderPresentationAdapter.swift */ = {isa = PBXFileReference; lastKnownFileType = sourcecode.swift; path = FeedImageDataLoaderPresentationAdapter.swift; sourceTree = "<group>"; };
		4FAAF75B2C514ACA005E6918 /* FeedViewAdapter.swift */ = {isa = PBXFileReference; lastKnownFileType = sourcecode.swift; path = FeedViewAdapter.swift; sourceTree = "<group>"; };
		4FAD60D32C4EE1A500094765 /* EssentialNewsApp.app */ = {isa = PBXFileReference; explicitFileType = wrapper.application; includeInIndex = 0; path = EssentialNewsApp.app; sourceTree = BUILT_PRODUCTS_DIR; };
		4FAD60D62C4EE1A500094765 /* AppDelegate.swift */ = {isa = PBXFileReference; lastKnownFileType = sourcecode.swift; path = AppDelegate.swift; sourceTree = "<group>"; };
		4FAD60D82C4EE1A500094765 /* SceneDelegate.swift */ = {isa = PBXFileReference; lastKnownFileType = sourcecode.swift; path = SceneDelegate.swift; sourceTree = "<group>"; };
		4FAD60DF2C4EE1A700094765 /* Assets.xcassets */ = {isa = PBXFileReference; lastKnownFileType = folder.assetcatalog; path = Assets.xcassets; sourceTree = "<group>"; };
		4FAD60E22C4EE1A700094765 /* Base */ = {isa = PBXFileReference; lastKnownFileType = file.storyboard; name = Base; path = Base.lproj/LaunchScreen.storyboard; sourceTree = "<group>"; };
		4FAD60E42C4EE1A700094765 /* Info.plist */ = {isa = PBXFileReference; lastKnownFileType = text.plist.xml; path = Info.plist; sourceTree = "<group>"; };
		4FAD60E92C4EE1A700094765 /* EssentialNewsAppTests.xctest */ = {isa = PBXFileReference; explicitFileType = wrapper.cfbundle; includeInIndex = 0; path = EssentialNewsAppTests.xctest; sourceTree = BUILT_PRODUCTS_DIR; };
		4FAD61072C4EE20D00094765 /* EssentialNews.framework */ = {isa = PBXFileReference; explicitFileType = wrapper.framework; path = EssentialNews.framework; sourceTree = BUILT_PRODUCTS_DIR; };
		4FAD610B2C4EE21100094765 /* EssentialNewsiOS.framework */ = {isa = PBXFileReference; explicitFileType = wrapper.framework; path = EssentialNewsiOS.framework; sourceTree = BUILT_PRODUCTS_DIR; };
		4FF2B0842C4EE5F3003F543B /* FeedUIComposer.swift */ = {isa = PBXFileReference; lastKnownFileType = sourcecode.swift; path = FeedUIComposer.swift; sourceTree = "<group>"; };
		4FF2B0862C4F8FD0003F543B /* WeakRefVirtualProxy.swift */ = {isa = PBXFileReference; lastKnownFileType = sourcecode.swift; path = WeakRefVirtualProxy.swift; sourceTree = "<group>"; };
		4FF2B0882C501936003F543B /* MainQueueDispatchDecorator.swift */ = {isa = PBXFileReference; lastKnownFileType = sourcecode.swift; path = MainQueueDispatchDecorator.swift; sourceTree = "<group>"; };
/* End PBXFileReference section */

/* Begin PBXFrameworksBuildPhase section */
		4FAD60D02C4EE1A500094765 /* Frameworks */ = {
			isa = PBXFrameworksBuildPhase;
			buildActionMask = 2147483647;
			files = (
				4FAD610C2C4EE21100094765 /* EssentialNewsiOS.framework in Frameworks */,
				4FAD61082C4EE20D00094765 /* EssentialNews.framework in Frameworks */,
			);
			runOnlyForDeploymentPostprocessing = 0;
		};
		4FAD60E62C4EE1A700094765 /* Frameworks */ = {
			isa = PBXFrameworksBuildPhase;
			buildActionMask = 2147483647;
			files = (
			);
			runOnlyForDeploymentPostprocessing = 0;
		};
/* End PBXFrameworksBuildPhase section */

/* Begin PBXGroup section */
		4FAAF75D2C514AE3005E6918 /* Feed UI Composer */ = {
			isa = PBXGroup;
			children = (
				4FF2B0842C4EE5F3003F543B /* FeedUIComposer.swift */,
				4FAAF7572C514A5F005E6918 /* FeedLoaderPresentationAdapter.swift */,
				4FAAF75B2C514ACA005E6918 /* FeedViewAdapter.swift */,
				4FAAF7592C514A85005E6918 /* FeedImageDataLoaderPresentationAdapter.swift */,
			);
			path = "Feed UI Composer";
			sourceTree = "<group>";
		};
		4FAAF75E2C514AED005E6918 /* Shared Helpers */ = {
			isa = PBXGroup;
			children = (
				4FF2B0882C501936003F543B /* MainQueueDispatchDecorator.swift */,
				4FF2B0862C4F8FD0003F543B /* WeakRefVirtualProxy.swift */,
			);
			path = "Shared Helpers";
			sourceTree = "<group>";
		};
		4FAD60CA2C4EE1A500094765 = {
			isa = PBXGroup;
			children = (
				4FAD60D52C4EE1A500094765 /* EssentialNewsApp */,
				4FAD60EC2C4EE1A700094765 /* EssentialNewsAppTests */,
				4FAD60D42C4EE1A500094765 /* Products */,
				4FAD61062C4EE20D00094765 /* Frameworks */,
			);
			sourceTree = "<group>";
		};
		4FAD60D42C4EE1A500094765 /* Products */ = {
			isa = PBXGroup;
			children = (
				4FAD60D32C4EE1A500094765 /* EssentialNewsApp.app */,
				4FAD60E92C4EE1A700094765 /* EssentialNewsAppTests.xctest */,
			);
			name = Products;
			sourceTree = "<group>";
		};
		4FAD60D52C4EE1A500094765 /* EssentialNewsApp */ = {
			isa = PBXGroup;
			children = (
				4FAAF75E2C514AED005E6918 /* Shared Helpers */,
				4FAAF75D2C514AE3005E6918 /* Feed UI Composer */,
				4FAD60D62C4EE1A500094765 /* AppDelegate.swift */,
				4FAD60D82C4EE1A500094765 /* SceneDelegate.swift */,
				4F837B1F2C514E7900C455ED /* NullStore.swift */,
				4F837B232C52B01B00C455ED /* FeedLoaderWithFallbackComposite.swift */,
				4FAD60DF2C4EE1A700094765 /* Assets.xcassets */,
				4FAD60E12C4EE1A700094765 /* LaunchScreen.storyboard */,
				4FAD60E42C4EE1A700094765 /* Info.plist */,
			);
			path = EssentialNewsApp;
			sourceTree = "<group>";
		};
		4FAD60EC2C4EE1A700094765 /* EssentialNewsAppTests */ = {
			isa = PBXGroup;
			children = (
				4F837B212C52A75400C455ED /* FeedLoaderWithFallbackCompositeTests.swift */,
				4F837B252C52B11300C455ED /* FeedImageDataLoaderWithFallbackCompositeTests.swift */,
			);
			path = EssentialNewsAppTests;
			sourceTree = "<group>";
		};
		4FAD61062C4EE20D00094765 /* Frameworks */ = {
			isa = PBXGroup;
			children = (
				4FAD610B2C4EE21100094765 /* EssentialNewsiOS.framework */,
				4FAD61072C4EE20D00094765 /* EssentialNews.framework */,
			);
			name = Frameworks;
			sourceTree = "<group>";
		};
/* End PBXGroup section */

/* Begin PBXNativeTarget section */
		4FAD60D22C4EE1A500094765 /* EssentialNewsApp */ = {
			isa = PBXNativeTarget;
			buildConfigurationList = 4FAD60FD2C4EE1A700094765 /* Build configuration list for PBXNativeTarget "EssentialNewsApp" */;
			buildPhases = (
				4FAD60CF2C4EE1A500094765 /* Sources */,
				4FAD60D02C4EE1A500094765 /* Frameworks */,
				4FAD60D12C4EE1A500094765 /* Resources */,
				4FAD610A2C4EE20D00094765 /* Embed Frameworks */,
			);
			buildRules = (
			);
			dependencies = (
			);
			name = EssentialNewsApp;
			productName = EssentialNewsApp;
			productReference = 4FAD60D32C4EE1A500094765 /* EssentialNewsApp.app */;
			productType = "com.apple.product-type.application";
		};
		4FAD60E82C4EE1A700094765 /* EssentialNewsAppTests */ = {
			isa = PBXNativeTarget;
			buildConfigurationList = 4FAD61002C4EE1A700094765 /* Build configuration list for PBXNativeTarget "EssentialNewsAppTests" */;
			buildPhases = (
				4FAD60E52C4EE1A700094765 /* Sources */,
				4FAD60E62C4EE1A700094765 /* Frameworks */,
				4FAD60E72C4EE1A700094765 /* Resources */,
			);
			buildRules = (
			);
			dependencies = (
				4FAD60EB2C4EE1A700094765 /* PBXTargetDependency */,
			);
			name = EssentialNewsAppTests;
			productName = EssentialNewsAppTests;
			productReference = 4FAD60E92C4EE1A700094765 /* EssentialNewsAppTests.xctest */;
			productType = "com.apple.product-type.bundle.unit-test";
		};
/* End PBXNativeTarget section */

/* Begin PBXProject section */
		4FAD60CB2C4EE1A500094765 /* Project object */ = {
			isa = PBXProject;
			attributes = {
				BuildIndependentTargetsInParallel = 1;
				LastSwiftUpdateCheck = 1540;
				LastUpgradeCheck = 1540;
				TargetAttributes = {
					4FAD60D22C4EE1A500094765 = {
						CreatedOnToolsVersion = 15.4;
					};
					4FAD60E82C4EE1A700094765 = {
						CreatedOnToolsVersion = 15.4;
						LastSwiftMigration = 1540;
						TestTargetID = 4FAD60D22C4EE1A500094765;
					};
				};
			};
			buildConfigurationList = 4FAD60CE2C4EE1A500094765 /* Build configuration list for PBXProject "EssentialNewsApp" */;
			compatibilityVersion = "Xcode 14.0";
			developmentRegion = en;
			hasScannedForEncodings = 0;
			knownRegions = (
				en,
				Base,
			);
			mainGroup = 4FAD60CA2C4EE1A500094765;
			productRefGroup = 4FAD60D42C4EE1A500094765 /* Products */;
			projectDirPath = "";
			projectRoot = "";
			targets = (
				4FAD60D22C4EE1A500094765 /* EssentialNewsApp */,
				4FAD60E82C4EE1A700094765 /* EssentialNewsAppTests */,
			);
		};
/* End PBXProject section */

/* Begin PBXResourcesBuildPhase section */
		4FAD60D12C4EE1A500094765 /* Resources */ = {
			isa = PBXResourcesBuildPhase;
			buildActionMask = 2147483647;
			files = (
				4FAD60E02C4EE1A700094765 /* Assets.xcassets in Resources */,
				4FAD60E32C4EE1A700094765 /* Base in Resources */,
			);
			runOnlyForDeploymentPostprocessing = 0;
		};
		4FAD60E72C4EE1A700094765 /* Resources */ = {
			isa = PBXResourcesBuildPhase;
			buildActionMask = 2147483647;
			files = (
			);
			runOnlyForDeploymentPostprocessing = 0;
		};
/* End PBXResourcesBuildPhase section */

/* Begin PBXSourcesBuildPhase section */
		4FAD60CF2C4EE1A500094765 /* Sources */ = {
			isa = PBXSourcesBuildPhase;
			buildActionMask = 2147483647;
			files = (
				4FAAF75C2C514ACA005E6918 /* FeedViewAdapter.swift in Sources */,
				4FAAF7582C514A5F005E6918 /* FeedLoaderPresentationAdapter.swift in Sources */,
				4F837B242C52B01B00C455ED /* FeedLoaderWithFallbackComposite.swift in Sources */,
				4FF2B0852C4EE5F3003F543B /* FeedUIComposer.swift in Sources */,
				4F837B202C514E7900C455ED /* NullStore.swift in Sources */,
				4FAAF75A2C514A85005E6918 /* FeedImageDataLoaderPresentationAdapter.swift in Sources */,
				4FF2B0872C4F8FD0003F543B /* WeakRefVirtualProxy.swift in Sources */,
				4FAD60D72C4EE1A500094765 /* AppDelegate.swift in Sources */,
				4FF2B0892C501936003F543B /* MainQueueDispatchDecorator.swift in Sources */,
				4FAD60D92C4EE1A500094765 /* SceneDelegate.swift in Sources */,
			);
			runOnlyForDeploymentPostprocessing = 0;
		};
		4FAD60E52C4EE1A700094765 /* Sources */ = {
			isa = PBXSourcesBuildPhase;
			buildActionMask = 2147483647;
			files = (
				4F837B262C52B11300C455ED /* FeedImageDataLoaderWithFallbackCompositeTests.swift in Sources */,
				4F837B222C52A75400C455ED /* FeedLoaderWithFallbackCompositeTests.swift in Sources */,
			);
			runOnlyForDeploymentPostprocessing = 0;
		};
/* End PBXSourcesBuildPhase section */

/* Begin PBXTargetDependency section */
		4FAD60EB2C4EE1A700094765 /* PBXTargetDependency */ = {
			isa = PBXTargetDependency;
			target = 4FAD60D22C4EE1A500094765 /* EssentialNewsApp */;
			targetProxy = 4FAD60EA2C4EE1A700094765 /* PBXContainerItemProxy */;
		};
/* End PBXTargetDependency section */

/* Begin PBXVariantGroup section */
		4FAD60E12C4EE1A700094765 /* LaunchScreen.storyboard */ = {
			isa = PBXVariantGroup;
			children = (
				4FAD60E22C4EE1A700094765 /* Base */,
			);
			name = LaunchScreen.storyboard;
			sourceTree = "<group>";
		};
/* End PBXVariantGroup section */

/* Begin XCBuildConfiguration section */
		4FAD60FB2C4EE1A700094765 /* Debug */ = {
			isa = XCBuildConfiguration;
			buildSettings = {
				ALWAYS_SEARCH_USER_PATHS = NO;
				ASSETCATALOG_COMPILER_GENERATE_SWIFT_ASSET_SYMBOL_EXTENSIONS = YES;
				CLANG_ANALYZER_NONNULL = YES;
				CLANG_ANALYZER_NUMBER_OBJECT_CONVERSION = YES_AGGRESSIVE;
				CLANG_CXX_LANGUAGE_STANDARD = "gnu++20";
				CLANG_ENABLE_MODULES = YES;
				CLANG_ENABLE_OBJC_ARC = YES;
				CLANG_ENABLE_OBJC_WEAK = YES;
				CLANG_WARN_BLOCK_CAPTURE_AUTORELEASING = YES;
				CLANG_WARN_BOOL_CONVERSION = YES;
				CLANG_WARN_COMMA = YES;
				CLANG_WARN_CONSTANT_CONVERSION = YES;
				CLANG_WARN_DEPRECATED_OBJC_IMPLEMENTATIONS = YES;
				CLANG_WARN_DIRECT_OBJC_ISA_USAGE = YES_ERROR;
				CLANG_WARN_DOCUMENTATION_COMMENTS = YES;
				CLANG_WARN_EMPTY_BODY = YES;
				CLANG_WARN_ENUM_CONVERSION = YES;
				CLANG_WARN_INFINITE_RECURSION = YES;
				CLANG_WARN_INT_CONVERSION = YES;
				CLANG_WARN_NON_LITERAL_NULL_CONVERSION = YES;
				CLANG_WARN_OBJC_IMPLICIT_RETAIN_SELF = YES;
				CLANG_WARN_OBJC_LITERAL_CONVERSION = YES;
				CLANG_WARN_OBJC_ROOT_CLASS = YES_ERROR;
				CLANG_WARN_QUOTED_INCLUDE_IN_FRAMEWORK_HEADER = YES;
				CLANG_WARN_RANGE_LOOP_ANALYSIS = YES;
				CLANG_WARN_STRICT_PROTOTYPES = YES;
				CLANG_WARN_SUSPICIOUS_MOVE = YES;
				CLANG_WARN_UNGUARDED_AVAILABILITY = YES_AGGRESSIVE;
				CLANG_WARN_UNREACHABLE_CODE = YES;
				CLANG_WARN__DUPLICATE_METHOD_MATCH = YES;
				COPY_PHASE_STRIP = NO;
				DEBUG_INFORMATION_FORMAT = dwarf;
				ENABLE_STRICT_OBJC_MSGSEND = YES;
				ENABLE_TESTABILITY = YES;
				ENABLE_USER_SCRIPT_SANDBOXING = YES;
				GCC_C_LANGUAGE_STANDARD = gnu17;
				GCC_DYNAMIC_NO_PIC = NO;
				GCC_NO_COMMON_BLOCKS = YES;
				GCC_OPTIMIZATION_LEVEL = 0;
				GCC_PREPROCESSOR_DEFINITIONS = (
					"DEBUG=1",
					"$(inherited)",
				);
				GCC_WARN_64_TO_32_BIT_CONVERSION = YES;
				GCC_WARN_ABOUT_RETURN_TYPE = YES_ERROR;
				GCC_WARN_UNDECLARED_SELECTOR = YES;
				GCC_WARN_UNINITIALIZED_AUTOS = YES_AGGRESSIVE;
				GCC_WARN_UNUSED_FUNCTION = YES;
				GCC_WARN_UNUSED_VARIABLE = YES;
				IPHONEOS_DEPLOYMENT_TARGET = 17.5;
				LOCALIZATION_PREFERS_STRING_CATALOGS = YES;
				MTL_ENABLE_DEBUG_INFO = INCLUDE_SOURCE;
				MTL_FAST_MATH = YES;
				ONLY_ACTIVE_ARCH = YES;
				SDKROOT = iphoneos;
				SWIFT_ACTIVE_COMPILATION_CONDITIONS = "DEBUG $(inherited)";
				SWIFT_OPTIMIZATION_LEVEL = "-Onone";
			};
			name = Debug;
		};
		4FAD60FC2C4EE1A700094765 /* Release */ = {
			isa = XCBuildConfiguration;
			buildSettings = {
				ALWAYS_SEARCH_USER_PATHS = NO;
				ASSETCATALOG_COMPILER_GENERATE_SWIFT_ASSET_SYMBOL_EXTENSIONS = YES;
				CLANG_ANALYZER_NONNULL = YES;
				CLANG_ANALYZER_NUMBER_OBJECT_CONVERSION = YES_AGGRESSIVE;
				CLANG_CXX_LANGUAGE_STANDARD = "gnu++20";
				CLANG_ENABLE_MODULES = YES;
				CLANG_ENABLE_OBJC_ARC = YES;
				CLANG_ENABLE_OBJC_WEAK = YES;
				CLANG_WARN_BLOCK_CAPTURE_AUTORELEASING = YES;
				CLANG_WARN_BOOL_CONVERSION = YES;
				CLANG_WARN_COMMA = YES;
				CLANG_WARN_CONSTANT_CONVERSION = YES;
				CLANG_WARN_DEPRECATED_OBJC_IMPLEMENTATIONS = YES;
				CLANG_WARN_DIRECT_OBJC_ISA_USAGE = YES_ERROR;
				CLANG_WARN_DOCUMENTATION_COMMENTS = YES;
				CLANG_WARN_EMPTY_BODY = YES;
				CLANG_WARN_ENUM_CONVERSION = YES;
				CLANG_WARN_INFINITE_RECURSION = YES;
				CLANG_WARN_INT_CONVERSION = YES;
				CLANG_WARN_NON_LITERAL_NULL_CONVERSION = YES;
				CLANG_WARN_OBJC_IMPLICIT_RETAIN_SELF = YES;
				CLANG_WARN_OBJC_LITERAL_CONVERSION = YES;
				CLANG_WARN_OBJC_ROOT_CLASS = YES_ERROR;
				CLANG_WARN_QUOTED_INCLUDE_IN_FRAMEWORK_HEADER = YES;
				CLANG_WARN_RANGE_LOOP_ANALYSIS = YES;
				CLANG_WARN_STRICT_PROTOTYPES = YES;
				CLANG_WARN_SUSPICIOUS_MOVE = YES;
				CLANG_WARN_UNGUARDED_AVAILABILITY = YES_AGGRESSIVE;
				CLANG_WARN_UNREACHABLE_CODE = YES;
				CLANG_WARN__DUPLICATE_METHOD_MATCH = YES;
				COPY_PHASE_STRIP = NO;
				DEBUG_INFORMATION_FORMAT = "dwarf-with-dsym";
				ENABLE_NS_ASSERTIONS = NO;
				ENABLE_STRICT_OBJC_MSGSEND = YES;
				ENABLE_USER_SCRIPT_SANDBOXING = YES;
				GCC_C_LANGUAGE_STANDARD = gnu17;
				GCC_NO_COMMON_BLOCKS = YES;
				GCC_WARN_64_TO_32_BIT_CONVERSION = YES;
				GCC_WARN_ABOUT_RETURN_TYPE = YES_ERROR;
				GCC_WARN_UNDECLARED_SELECTOR = YES;
				GCC_WARN_UNINITIALIZED_AUTOS = YES_AGGRESSIVE;
				GCC_WARN_UNUSED_FUNCTION = YES;
				GCC_WARN_UNUSED_VARIABLE = YES;
				IPHONEOS_DEPLOYMENT_TARGET = 17.5;
				LOCALIZATION_PREFERS_STRING_CATALOGS = YES;
				MTL_ENABLE_DEBUG_INFO = NO;
				MTL_FAST_MATH = YES;
				SDKROOT = iphoneos;
				SWIFT_COMPILATION_MODE = wholemodule;
				VALIDATE_PRODUCT = YES;
			};
			name = Release;
		};
		4FAD60FE2C4EE1A700094765 /* Debug */ = {
			isa = XCBuildConfiguration;
			buildSettings = {
				ASSETCATALOG_COMPILER_APPICON_NAME = AppIcon;
				ASSETCATALOG_COMPILER_GLOBAL_ACCENT_COLOR_NAME = AccentColor;
				CODE_SIGN_STYLE = Automatic;
				CURRENT_PROJECT_VERSION = 1;
				DEVELOPMENT_TEAM = 5YJ9NPM7MQ;
				GENERATE_INFOPLIST_FILE = YES;
				INFOPLIST_FILE = EssentialNewsApp/Info.plist;
				INFOPLIST_KEY_UIApplicationSupportsIndirectInputEvents = YES;
				INFOPLIST_KEY_UILaunchStoryboardName = LaunchScreen;
				INFOPLIST_KEY_UIMainStoryboardFile = "";
				INFOPLIST_KEY_UIRequiresFullScreen = NO;
				INFOPLIST_KEY_UISupportedInterfaceOrientations = UIInterfaceOrientationPortrait;
				LD_RUNPATH_SEARCH_PATHS = (
					"$(inherited)",
					"@executable_path/Frameworks",
				);
				MARKETING_VERSION = 1.0;
				PRODUCT_BUNDLE_IDENTIFIER = com.fenominall.EssentialNewsApp;
				PRODUCT_NAME = "$(TARGET_NAME)";
				SWIFT_EMIT_LOC_STRINGS = YES;
				SWIFT_VERSION = 5.0;
				TARGETED_DEVICE_FAMILY = "1,2";
			};
			name = Debug;
		};
		4FAD60FF2C4EE1A700094765 /* Release */ = {
			isa = XCBuildConfiguration;
			buildSettings = {
				ASSETCATALOG_COMPILER_APPICON_NAME = AppIcon;
				ASSETCATALOG_COMPILER_GLOBAL_ACCENT_COLOR_NAME = AccentColor;
				CODE_SIGN_STYLE = Automatic;
				CURRENT_PROJECT_VERSION = 1;
				DEVELOPMENT_TEAM = 5YJ9NPM7MQ;
				GENERATE_INFOPLIST_FILE = YES;
				INFOPLIST_FILE = EssentialNewsApp/Info.plist;
				INFOPLIST_KEY_UIApplicationSupportsIndirectInputEvents = YES;
				INFOPLIST_KEY_UILaunchStoryboardName = LaunchScreen;
				INFOPLIST_KEY_UIMainStoryboardFile = "";
				INFOPLIST_KEY_UIRequiresFullScreen = NO;
				INFOPLIST_KEY_UISupportedInterfaceOrientations = UIInterfaceOrientationPortrait;
				LD_RUNPATH_SEARCH_PATHS = (
					"$(inherited)",
					"@executable_path/Frameworks",
				);
				MARKETING_VERSION = 1.0;
				PRODUCT_BUNDLE_IDENTIFIER = com.fenominall.EssentialNewsApp;
				PRODUCT_NAME = "$(TARGET_NAME)";
				SWIFT_EMIT_LOC_STRINGS = YES;
				SWIFT_VERSION = 5.0;
				TARGETED_DEVICE_FAMILY = "1,2";
			};
			name = Release;
		};
		4FAD61012C4EE1A700094765 /* Debug */ = {
			isa = XCBuildConfiguration;
			buildSettings = {
				ALWAYS_EMBED_SWIFT_STANDARD_LIBRARIES = YES;
				BUNDLE_LOADER = "$(TEST_HOST)";
				CLANG_ENABLE_MODULES = YES;
				CODE_SIGN_STYLE = Automatic;
				CURRENT_PROJECT_VERSION = 1;
				DEVELOPMENT_TEAM = 5YJ9NPM7MQ;
				GENERATE_INFOPLIST_FILE = YES;
				IPHONEOS_DEPLOYMENT_TARGET = 17.5;
				MARKETING_VERSION = 1.0;
				PRODUCT_BUNDLE_IDENTIFIER = com.fenominall.EssentialNewsAppTests;
				PRODUCT_NAME = "$(TARGET_NAME)";
				SWIFT_EMIT_LOC_STRINGS = NO;
				SWIFT_OPTIMIZATION_LEVEL = "-Onone";
				SWIFT_VERSION = 5.0;
				TARGETED_DEVICE_FAMILY = "1,2";
				TEST_HOST = "$(BUILT_PRODUCTS_DIR)/EssentialNewsApp.app/$(BUNDLE_EXECUTABLE_FOLDER_PATH)/EssentialNewsApp";
			};
			name = Debug;
		};
		4FAD61022C4EE1A700094765 /* Release */ = {
			isa = XCBuildConfiguration;
			buildSettings = {
				ALWAYS_EMBED_SWIFT_STANDARD_LIBRARIES = YES;
				BUNDLE_LOADER = "$(TEST_HOST)";
				CLANG_ENABLE_MODULES = YES;
				CODE_SIGN_STYLE = Automatic;
				CURRENT_PROJECT_VERSION = 1;
				DEVELOPMENT_TEAM = 5YJ9NPM7MQ;
				GENERATE_INFOPLIST_FILE = YES;
				IPHONEOS_DEPLOYMENT_TARGET = 17.5;
				MARKETING_VERSION = 1.0;
				PRODUCT_BUNDLE_IDENTIFIER = com.fenominall.EssentialNewsAppTests;
				PRODUCT_NAME = "$(TARGET_NAME)";
				SWIFT_EMIT_LOC_STRINGS = NO;
				SWIFT_VERSION = 5.0;
				TARGETED_DEVICE_FAMILY = "1,2";
				TEST_HOST = "$(BUILT_PRODUCTS_DIR)/EssentialNewsApp.app/$(BUNDLE_EXECUTABLE_FOLDER_PATH)/EssentialNewsApp";
			};
			name = Release;
		};
/* End XCBuildConfiguration section */

/* Begin XCConfigurationList section */
		4FAD60CE2C4EE1A500094765 /* Build configuration list for PBXProject "EssentialNewsApp" */ = {
			isa = XCConfigurationList;
			buildConfigurations = (
				4FAD60FB2C4EE1A700094765 /* Debug */,
				4FAD60FC2C4EE1A700094765 /* Release */,
			);
			defaultConfigurationIsVisible = 0;
			defaultConfigurationName = Release;
		};
		4FAD60FD2C4EE1A700094765 /* Build configuration list for PBXNativeTarget "EssentialNewsApp" */ = {
			isa = XCConfigurationList;
			buildConfigurations = (
				4FAD60FE2C4EE1A700094765 /* Debug */,
				4FAD60FF2C4EE1A700094765 /* Release */,
			);
			defaultConfigurationIsVisible = 0;
			defaultConfigurationName = Release;
		};
		4FAD61002C4EE1A700094765 /* Build configuration list for PBXNativeTarget "EssentialNewsAppTests" */ = {
			isa = XCConfigurationList;
			buildConfigurations = (
				4FAD61012C4EE1A700094765 /* Debug */,
				4FAD61022C4EE1A700094765 /* Release */,
			);
			defaultConfigurationIsVisible = 0;
			defaultConfigurationName = Release;
		};
/* End XCConfigurationList section */
	};
	rootObject = 4FAD60CB2C4EE1A500094765 /* Project object */;
}
