// !$*UTF8*$!
{
	archiveVersion = 1;
	classes = {
	};
	objectVersion = 56;
	objects = {

/* Begin PBXBuildFile section */
		4F27F4F62C3A75490048B926 /* FeedItemsMapperTests.swift in Sources */ = {isa = PBXBuildFile; fileRef = 4F27F4F52C3A75490048B926 /* FeedItemsMapperTests.swift */; };
		4F27F4F92C3A75A90048B926 /* HTTPURLResponse+StatusCode.swift in Sources */ = {isa = PBXBuildFile; fileRef = 4F27F4F82C3A75A90048B926 /* HTTPURLResponse+StatusCode.swift */; };
		4F27F4FC2C3A77020048B926 /* URLSessionHTTPClient.swift in Sources */ = {isa = PBXBuildFile; fileRef = 4F27F4FB2C3A77020048B926 /* URLSessionHTTPClient.swift */; };
		4F292C172C3A9A8E00DB77FE /* FeedImageDataMapperTests.swift in Sources */ = {isa = PBXBuildFile; fileRef = 4F292C162C3A9A8E00DB77FE /* FeedImageDataMapperTests.swift */; };
		4F292C192C3A9B4B00DB77FE /* FeedImageDataMapper.swift in Sources */ = {isa = PBXBuildFile; fileRef = 4F292C182C3A9B4B00DB77FE /* FeedImageDataMapper.swift */; };
		4F292C1B2C3A9CF900DB77FE /* FeedImageDataLoader.swift in Sources */ = {isa = PBXBuildFile; fileRef = 4F292C1A2C3A9CF900DB77FE /* FeedImageDataLoader.swift */; };
		4F292C1D2C3A9DB500DB77FE /* RemoteFeedImageDataLoader.swift in Sources */ = {isa = PBXBuildFile; fileRef = 4F292C1C2C3A9DB500DB77FE /* RemoteFeedImageDataLoader.swift */; };
		4F292C1F2C3AA1AF00DB77FE /* LoadRemoteFeedImageDataUseCaseTests.swift in Sources */ = {isa = PBXBuildFile; fileRef = 4F292C1E2C3AA1AF00DB77FE /* LoadRemoteFeedImageDataUseCaseTests.swift */; };
		4F2E40C32C50321200645931 /* EssentialNewsiOS.h in Headers */ = {isa = PBXBuildFile; fileRef = 4F2E40C22C50321200645931 /* EssentialNewsiOS.h */; };
		4F2F21532C388AE900C2BF4A /* EssentialNews.framework in Frameworks */ = {isa = PBXBuildFile; fileRef = 4F2F214A2C388AE900C2BF4A /* EssentialNews.framework */; };
		4F2F21592C388AE900C2BF4A /* EssentialNews.h in Headers */ = {isa = PBXBuildFile; fileRef = 4F2F214D2C388AE900C2BF4A /* EssentialNews.h */; settings = {ATTRIBUTES = (Public, ); }; };
		4F2F21632C388B5400C2BF4A /* Article.swift in Sources */ = {isa = PBXBuildFile; fileRef = 4F2F21622C388B5400C2BF4A /* Article.swift */; };
		4F2F21652C388B8200C2BF4A /* FeedLoader.swift in Sources */ = {isa = PBXBuildFile; fileRef = 4F2F21642C388B8200C2BF4A /* FeedLoader.swift */; };
		4F2F21672C39247900C2BF4A /* Source.swift in Sources */ = {isa = PBXBuildFile; fileRef = 4F2F21662C39247900C2BF4A /* Source.swift */; };
		4F3173492C5E2DD20040DD90 /* ArticleDetailsViewController.swift in Sources */ = {isa = PBXBuildFile; fileRef = 4F3173482C5E2DD20040DD90 /* ArticleDetailsViewController.swift */; };
		4F31734B2C5E32E30040DD90 /* ArticleDetailsPresentationViewModel.swift in Sources */ = {isa = PBXBuildFile; fileRef = 4F31734A2C5E32E30040DD90 /* ArticleDetailsPresentationViewModel.swift */; };
		4F31734E2C5E33610040DD90 /* ArticleDetailsViewModel.swift in Sources */ = {isa = PBXBuildFile; fileRef = 4F31734D2C5E33610040DD90 /* ArticleDetailsViewModel.swift */; };
		4F3173502C5E33F90040DD90 /* ArticleDetailsPresenter.swift in Sources */ = {isa = PBXBuildFile; fileRef = 4F31734F2C5E33F90040DD90 /* ArticleDetailsPresenter.swift */; };
		4F3173582C5EC3340040DD90 /* Extension+DispatchQueue.swift in Sources */ = {isa = PBXBuildFile; fileRef = 4F3173572C5EC3340040DD90 /* Extension+DispatchQueue.swift */; };
		4F3D10FC2C406A0900759FD9 /* LocalFeedLoader.swift in Sources */ = {isa = PBXBuildFile; fileRef = 4F3D10FB2C406A0900759FD9 /* LocalFeedLoader.swift */; };
		4F6E85602C45891900845066 /* LocalArticle.swift in Sources */ = {isa = PBXBuildFile; fileRef = 4F6E855F2C45891900845066 /* LocalArticle.swift */; };
		4F6E85622C45893B00845066 /* LocalSource.swift in Sources */ = {isa = PBXBuildFile; fileRef = 4F6E85612C45893B00845066 /* LocalSource.swift */; };
		4F8199B72C4C351300B88A4A /* FeedCache.swift in Sources */ = {isa = PBXBuildFile; fileRef = 4F8199B62C4C351300B88A4A /* FeedCache.swift */; };
		4F8199B92C4C3D0900B88A4A /* FeedCachePolicy.swift in Sources */ = {isa = PBXBuildFile; fileRef = 4F8199B82C4C3D0900B88A4A /* FeedCachePolicy.swift */; };
		4F8199BD2C4D4FF000B88A4A /* FeedStoreSpecs.swift in Sources */ = {isa = PBXBuildFile; fileRef = 4F8199BC2C4D4FF000B88A4A /* FeedStoreSpecs.swift */; };
		4F8199C32C4D508D00B88A4A /* CoreDataFeedStore+FeedStore.swift in Sources */ = {isa = PBXBuildFile; fileRef = 4F8199C22C4D508D00B88A4A /* CoreDataFeedStore+FeedStore.swift */; };
		4F8199D12C4D5C1D00B88A4A /* ManagedArticle.swift in Sources */ = {isa = PBXBuildFile; fileRef = 4F8199CB2C4D5C1D00B88A4A /* ManagedArticle.swift */; };
		4F8199D32C4D5C1D00B88A4A /* ManagedCache.swift in Sources */ = {isa = PBXBuildFile; fileRef = 4F8199CD2C4D5C1D00B88A4A /* ManagedCache.swift */; };
		4F8199D52C4D5C1D00B88A4A /* ManagedSource.swift in Sources */ = {isa = PBXBuildFile; fileRef = 4F8199CF2C4D5C1D00B88A4A /* ManagedSource.swift */; };
		4F8199D72C4D5DF000B88A4A /* CoreDataFeedStore.swift in Sources */ = {isa = PBXBuildFile; fileRef = 4F8199D62C4D5DF000B88A4A /* CoreDataFeedStore.swift */; };
		4F8199D92C4D5E7200B88A4A /* CoreDataHelpers.swift in Sources */ = {isa = PBXBuildFile; fileRef = 4F8199D82C4D5E7200B88A4A /* CoreDataHelpers.swift */; };
		4F8199E72C4D93F300B88A4A /* EssentialNewsiOS.framework in Frameworks */ = {isa = PBXBuildFile; fileRef = 4F8199DF2C4D93F300B88A4A /* EssentialNewsiOS.framework */; };
		4F8199F62C4E3CEF00B88A4A /* ListViewController.swift in Sources */ = {isa = PBXBuildFile; fileRef = 4F8199F52C4E3CEF00B88A4A /* ListViewController.swift */; };
		4F8199FA2C4E41C400B88A4A /* CellController.swift in Sources */ = {isa = PBXBuildFile; fileRef = 4F8199F92C4E41C400B88A4A /* CellController.swift */; };
		4F8199FE2C4E771400B88A4A /* FeedViewModel.swift in Sources */ = {isa = PBXBuildFile; fileRef = 4F8199FD2C4E771400B88A4A /* FeedViewModel.swift */; };
		4F819A002C4E772A00B88A4A /* FeedArticleViewModel.swift in Sources */ = {isa = PBXBuildFile; fileRef = 4F8199FF2C4E772A00B88A4A /* FeedArticleViewModel.swift */; };
		4F819A022C4E7FD900B88A4A /* LoadResourcePresenter.swift in Sources */ = {isa = PBXBuildFile; fileRef = 4F819A012C4E7FD900B88A4A /* LoadResourcePresenter.swift */; };
		4F819A042C4E7FE800B88A4A /* ResourceLoadingView.swift in Sources */ = {isa = PBXBuildFile; fileRef = 4F819A032C4E7FE800B88A4A /* ResourceLoadingView.swift */; };
		4F819A062C4E7FF700B88A4A /* ResourceLoadingViewModel.swift in Sources */ = {isa = PBXBuildFile; fileRef = 4F819A052C4E7FF700B88A4A /* ResourceLoadingViewModel.swift */; };
		4F819A082C4E800800B88A4A /* ResourceErrorView.swift in Sources */ = {isa = PBXBuildFile; fileRef = 4F819A072C4E800800B88A4A /* ResourceErrorView.swift */; };
		4F819A0A2C4E801800B88A4A /* ResourceErrorViewModel.swift in Sources */ = {isa = PBXBuildFile; fileRef = 4F819A092C4E801800B88A4A /* ResourceErrorViewModel.swift */; };
		4F819A0D2C4E805B00B88A4A /* Shared.strings in Resources */ = {isa = PBXBuildFile; fileRef = 4F819A0B2C4E805B00B88A4A /* Shared.strings */; };
		4F819A142C4E95C300B88A4A /* FeedArticleViewCell.swift in Sources */ = {isa = PBXBuildFile; fileRef = 4F819A132C4E95C300B88A4A /* FeedArticleViewCell.swift */; };
		4F819A162C4EA13C00B88A4A /* FeedImageCellController.swift in Sources */ = {isa = PBXBuildFile; fileRef = 4F819A152C4EA13C00B88A4A /* FeedImageCellController.swift */; };
		4FA2BFB82C44698900A7C2B2 /* FeedStore.swift in Sources */ = {isa = PBXBuildFile; fileRef = 4FA2BFB72C44698900A7C2B2 /* FeedStore.swift */; };
		4FA76B382C5F803500FE632E /* FeedStore.xcdatamodeld in Sources */ = {isa = PBXBuildFile; fileRef = 4FA76B362C5F803500FE632E /* FeedStore.xcdatamodeld */; };
		4FA76B3C2C5F892C00FE632E /* ImageRequestDelegate.swift in Sources */ = {isa = PBXBuildFile; fileRef = 4FA76B3B2C5F892C00FE632E /* ImageRequestDelegate.swift */; };
		4FAAF7562C512EF0005E6918 /* FeedImagePresenter.swift in Sources */ = {isa = PBXBuildFile; fileRef = 4FAAF7552C512EF0005E6918 /* FeedImagePresenter.swift */; };
		4FAD60BB2C4EA93D00094765 /* EssentialNews.framework in Frameworks */ = {isa = PBXBuildFile; fileRef = 4F2F214A2C388AE900C2BF4A /* EssentialNews.framework */; platformFilter = ios; };
		4FAD60BE2C4EB2D700094765 /* UItableView+Dequeueing.swift in Sources */ = {isa = PBXBuildFile; fileRef = 4FAD60BD2C4EB2D700094765 /* UItableView+Dequeueing.swift */; };
		4FAD60C02C4EB2F000094765 /* UIRefreshControl+Helpers.swift .swift in Sources */ = {isa = PBXBuildFile; fileRef = 4FAD60BF2C4EB2F000094765 /* UIRefreshControl+Helpers.swift .swift */; };
		4FAD60C52C4EB35800094765 /* UIImageView+Animations.swift in Sources */ = {isa = PBXBuildFile; fileRef = 4FAD60C42C4EB35800094765 /* UIImageView+Animations.swift */; };
		4FAD60C72C4EB78400094765 /* UIView+Shimmering.swift in Sources */ = {isa = PBXBuildFile; fileRef = 4FAD60C62C4EB78400094765 /* UIView+Shimmering.swift */; };
		4FAD60C92C4ED8F600094765 /* UITableView+HeaderSizing.swift in Sources */ = {isa = PBXBuildFile; fileRef = 4FAD60C82C4ED8F600094765 /* UITableView+HeaderSizing.swift */; };
		4FAF79822C392C9D002A0695 /* XCTestCase+MemoryLeakTracking.swift in Sources */ = {isa = PBXBuildFile; fileRef = 4FAF79812C392C9D002A0695 /* XCTestCase+MemoryLeakTracking.swift */; };
		4FAF79852C392D73002A0695 /* LoadFeedFromRemoteUseCaseTests.swift in Sources */ = {isa = PBXBuildFile; fileRef = 4FAF79842C392D73002A0695 /* LoadFeedFromRemoteUseCaseTests.swift */; };
		4FAF79872C393161002A0695 /* SharedTestHelpers.swift in Sources */ = {isa = PBXBuildFile; fileRef = 4FAF79862C393161002A0695 /* SharedTestHelpers.swift */; };
		4FAF798A2C393316002A0695 /* HTTPClient.swift in Sources */ = {isa = PBXBuildFile; fileRef = 4FAF79892C393316002A0695 /* HTTPClient.swift */; };
		4FAF798C2C39331C002A0695 /* RemoteFeedLoader.swift in Sources */ = {isa = PBXBuildFile; fileRef = 4FAF798B2C39331C002A0695 /* RemoteFeedLoader.swift */; };
		4FAF798E2C394CC8002A0695 /* FeedItemsMapper.swift in Sources */ = {isa = PBXBuildFile; fileRef = 4FAF798D2C394CC8002A0695 /* FeedItemsMapper.swift */; };
		4FC2049E2C3975CC00A9555E /* URLSessionHTTPClientTests.swift in Sources */ = {isa = PBXBuildFile; fileRef = 4FC2049D2C3975CC00A9555E /* URLSessionHTTPClientTests.swift */; };
		4FC204A22C39762B00A9555E /* URLProtocolStub.swift in Sources */ = {isa = PBXBuildFile; fileRef = 4FC204A12C39762B00A9555E /* URLProtocolStub.swift */; };
		4FE9042D2C4BD5F200A1B12A /* HTTPClientTaskWrapper.swift in Sources */ = {isa = PBXBuildFile; fileRef = 4FE9042C2C4BD5F200A1B12A /* HTTPClientTaskWrapper.swift */; };
		4FF2B08B2C502348003F543B /* LocalFeedImageDataLoader.swift in Sources */ = {isa = PBXBuildFile; fileRef = 4FF2B08A2C502348003F543B /* LocalFeedImageDataLoader.swift */; };
		4FF2B08D2C502396003F543B /* FeedImageDataCache.swift in Sources */ = {isa = PBXBuildFile; fileRef = 4FF2B08C2C502396003F543B /* FeedImageDataCache.swift */; };
		4FF2B08F2C5025A2003F543B /* FeedImageDataStore.swift in Sources */ = {isa = PBXBuildFile; fileRef = 4FF2B08E2C5025A2003F543B /* FeedImageDataStore.swift */; };
		4FF2B0912C50290F003F543B /* CoreDataFeedStore+FeedImageDataStore.swift in Sources */ = {isa = PBXBuildFile; fileRef = 4FF2B0902C50290F003F543B /* CoreDataFeedStore+FeedImageDataStore.swift */; };
		4FF7E8812C579CD900AD621B /* DateConvertingHelpers.swift in Sources */ = {isa = PBXBuildFile; fileRef = 4FF7E8802C579CD900AD621B /* DateConvertingHelpers.swift */; };
		4FF7E8832C57BDAA00AD621B /* ErrorView.swift in Sources */ = {isa = PBXBuildFile; fileRef = 4FF7E8822C57BDAA00AD621B /* ErrorView.swift */; };
		4FF7E8852C57BDCF00AD621B /* UIView+Container.swift in Sources */ = {isa = PBXBuildFile; fileRef = 4FF7E8842C57BDCF00AD621B /* UIView+Container.swift */; };
/* End PBXBuildFile section */

/* Begin PBXContainerItemProxy section */
		4F2F21542C388AE900C2BF4A /* PBXContainerItemProxy */ = {
			isa = PBXContainerItemProxy;
			containerPortal = 4F2F21412C388AE900C2BF4A /* Project object */;
			proxyType = 1;
			remoteGlobalIDString = 4F2F21492C388AE900C2BF4A;
			remoteInfo = EssentialNews;
		};
		4F8199E82C4D93F300B88A4A /* PBXContainerItemProxy */ = {
			isa = PBXContainerItemProxy;
			containerPortal = 4F2F21412C388AE900C2BF4A /* Project object */;
			proxyType = 1;
			remoteGlobalIDString = 4F8199DE2C4D93F300B88A4A;
			remoteInfo = EssentialNewsiOS;
		};
/* End PBXContainerItemProxy section */

/* Begin PBXFileReference section */
		4F27F4F52C3A75490048B926 /* FeedItemsMapperTests.swift */ = {isa = PBXFileReference; lastKnownFileType = sourcecode.swift; path = FeedItemsMapperTests.swift; sourceTree = "<group>"; };
		4F27F4F82C3A75A90048B926 /* HTTPURLResponse+StatusCode.swift */ = {isa = PBXFileReference; lastKnownFileType = sourcecode.swift; path = "HTTPURLResponse+StatusCode.swift"; sourceTree = "<group>"; };
		4F27F4FB2C3A77020048B926 /* URLSessionHTTPClient.swift */ = {isa = PBXFileReference; lastKnownFileType = sourcecode.swift; path = URLSessionHTTPClient.swift; sourceTree = "<group>"; };
		4F292C162C3A9A8E00DB77FE /* FeedImageDataMapperTests.swift */ = {isa = PBXFileReference; lastKnownFileType = sourcecode.swift; path = FeedImageDataMapperTests.swift; sourceTree = "<group>"; };
		4F292C182C3A9B4B00DB77FE /* FeedImageDataMapper.swift */ = {isa = PBXFileReference; lastKnownFileType = sourcecode.swift; path = FeedImageDataMapper.swift; sourceTree = "<group>"; };
		4F292C1A2C3A9CF900DB77FE /* FeedImageDataLoader.swift */ = {isa = PBXFileReference; lastKnownFileType = sourcecode.swift; path = FeedImageDataLoader.swift; sourceTree = "<group>"; };
		4F292C1C2C3A9DB500DB77FE /* RemoteFeedImageDataLoader.swift */ = {isa = PBXFileReference; lastKnownFileType = sourcecode.swift; path = RemoteFeedImageDataLoader.swift; sourceTree = "<group>"; };
		4F292C1E2C3AA1AF00DB77FE /* LoadRemoteFeedImageDataUseCaseTests.swift */ = {isa = PBXFileReference; lastKnownFileType = sourcecode.swift; path = LoadRemoteFeedImageDataUseCaseTests.swift; sourceTree = "<group>"; };
		4F2E40C22C50321200645931 /* EssentialNewsiOS.h */ = {isa = PBXFileReference; fileEncoding = 4; lastKnownFileType = sourcecode.c.h; path = EssentialNewsiOS.h; sourceTree = "<group>"; };
		4F2F214A2C388AE900C2BF4A /* EssentialNews.framework */ = {isa = PBXFileReference; explicitFileType = wrapper.framework; includeInIndex = 0; path = EssentialNews.framework; sourceTree = BUILT_PRODUCTS_DIR; };
		4F2F214D2C388AE900C2BF4A /* EssentialNews.h */ = {isa = PBXFileReference; lastKnownFileType = sourcecode.c.h; path = EssentialNews.h; sourceTree = "<group>"; };
		4F2F21522C388AE900C2BF4A /* EssentialNewsTests.xctest */ = {isa = PBXFileReference; explicitFileType = wrapper.cfbundle; includeInIndex = 0; path = EssentialNewsTests.xctest; sourceTree = BUILT_PRODUCTS_DIR; };
		4F2F21622C388B5400C2BF4A /* Article.swift */ = {isa = PBXFileReference; lastKnownFileType = sourcecode.swift; path = Article.swift; sourceTree = "<group>"; };
		4F2F21642C388B8200C2BF4A /* FeedLoader.swift */ = {isa = PBXFileReference; lastKnownFileType = sourcecode.swift; path = FeedLoader.swift; sourceTree = "<group>"; };
		4F2F21662C39247900C2BF4A /* Source.swift */ = {isa = PBXFileReference; lastKnownFileType = sourcecode.swift; path = Source.swift; sourceTree = "<group>"; };
		4F3173482C5E2DD20040DD90 /* ArticleDetailsViewController.swift */ = {isa = PBXFileReference; lastKnownFileType = sourcecode.swift; path = ArticleDetailsViewController.swift; sourceTree = "<group>"; };
		4F31734A2C5E32E30040DD90 /* ArticleDetailsPresentationViewModel.swift */ = {isa = PBXFileReference; lastKnownFileType = sourcecode.swift; path = ArticleDetailsPresentationViewModel.swift; sourceTree = "<group>"; };
		4F31734D2C5E33610040DD90 /* ArticleDetailsViewModel.swift */ = {isa = PBXFileReference; lastKnownFileType = sourcecode.swift; path = ArticleDetailsViewModel.swift; sourceTree = "<group>"; };
		4F31734F2C5E33F90040DD90 /* ArticleDetailsPresenter.swift */ = {isa = PBXFileReference; lastKnownFileType = sourcecode.swift; path = ArticleDetailsPresenter.swift; sourceTree = "<group>"; };
		4F3173572C5EC3340040DD90 /* Extension+DispatchQueue.swift */ = {isa = PBXFileReference; lastKnownFileType = sourcecode.swift; path = "Extension+DispatchQueue.swift"; sourceTree = "<group>"; };
		4F3D10FB2C406A0900759FD9 /* LocalFeedLoader.swift */ = {isa = PBXFileReference; lastKnownFileType = sourcecode.swift; path = LocalFeedLoader.swift; sourceTree = "<group>"; };
		4F6E855F2C45891900845066 /* LocalArticle.swift */ = {isa = PBXFileReference; lastKnownFileType = sourcecode.swift; path = LocalArticle.swift; sourceTree = "<group>"; };
		4F6E85612C45893B00845066 /* LocalSource.swift */ = {isa = PBXFileReference; lastKnownFileType = sourcecode.swift; path = LocalSource.swift; sourceTree = "<group>"; };
		4F8199B62C4C351300B88A4A /* FeedCache.swift */ = {isa = PBXFileReference; lastKnownFileType = sourcecode.swift; path = FeedCache.swift; sourceTree = "<group>"; };
		4F8199B82C4C3D0900B88A4A /* FeedCachePolicy.swift */ = {isa = PBXFileReference; lastKnownFileType = sourcecode.swift; path = FeedCachePolicy.swift; sourceTree = "<group>"; };
		4F8199BC2C4D4FF000B88A4A /* FeedStoreSpecs.swift */ = {isa = PBXFileReference; lastKnownFileType = sourcecode.swift; path = FeedStoreSpecs.swift; sourceTree = "<group>"; };
		4F8199C22C4D508D00B88A4A /* CoreDataFeedStore+FeedStore.swift */ = {isa = PBXFileReference; lastKnownFileType = sourcecode.swift; path = "CoreDataFeedStore+FeedStore.swift"; sourceTree = "<group>"; };
		4F8199CB2C4D5C1D00B88A4A /* ManagedArticle.swift */ = {isa = PBXFileReference; lastKnownFileType = sourcecode.swift; path = ManagedArticle.swift; sourceTree = "<group>"; };
		4F8199CD2C4D5C1D00B88A4A /* ManagedCache.swift */ = {isa = PBXFileReference; lastKnownFileType = sourcecode.swift; path = ManagedCache.swift; sourceTree = "<group>"; };
		4F8199CF2C4D5C1D00B88A4A /* ManagedSource.swift */ = {isa = PBXFileReference; lastKnownFileType = sourcecode.swift; path = ManagedSource.swift; sourceTree = "<group>"; };
		4F8199D62C4D5DF000B88A4A /* CoreDataFeedStore.swift */ = {isa = PBXFileReference; lastKnownFileType = sourcecode.swift; path = CoreDataFeedStore.swift; sourceTree = "<group>"; };
		4F8199D82C4D5E7200B88A4A /* CoreDataHelpers.swift */ = {isa = PBXFileReference; lastKnownFileType = sourcecode.swift; path = CoreDataHelpers.swift; sourceTree = "<group>"; };
		4F8199DF2C4D93F300B88A4A /* EssentialNewsiOS.framework */ = {isa = PBXFileReference; explicitFileType = wrapper.framework; includeInIndex = 0; path = EssentialNewsiOS.framework; sourceTree = BUILT_PRODUCTS_DIR; };
		4F8199E62C4D93F300B88A4A /* EssentialNewsiOSTests.xctest */ = {isa = PBXFileReference; explicitFileType = wrapper.cfbundle; includeInIndex = 0; path = EssentialNewsiOSTests.xctest; sourceTree = BUILT_PRODUCTS_DIR; };
		4F8199F42C4D94F400B88A4A /* EssentialNewsiOSTests.xctestplan */ = {isa = PBXFileReference; lastKnownFileType = text; name = EssentialNewsiOSTests.xctestplan; path = ../EssentialNewsiOSTests.xctestplan; sourceTree = "<group>"; };
		4F8199F52C4E3CEF00B88A4A /* ListViewController.swift */ = {isa = PBXFileReference; lastKnownFileType = sourcecode.swift; path = ListViewController.swift; sourceTree = "<group>"; };
		4F8199F92C4E41C400B88A4A /* CellController.swift */ = {isa = PBXFileReference; lastKnownFileType = sourcecode.swift; path = CellController.swift; sourceTree = "<group>"; };
		4F8199FD2C4E771400B88A4A /* FeedViewModel.swift */ = {isa = PBXFileReference; lastKnownFileType = sourcecode.swift; path = FeedViewModel.swift; sourceTree = "<group>"; };
		4F8199FF2C4E772A00B88A4A /* FeedArticleViewModel.swift */ = {isa = PBXFileReference; lastKnownFileType = sourcecode.swift; path = FeedArticleViewModel.swift; sourceTree = "<group>"; };
		4F819A012C4E7FD900B88A4A /* LoadResourcePresenter.swift */ = {isa = PBXFileReference; lastKnownFileType = sourcecode.swift; path = LoadResourcePresenter.swift; sourceTree = "<group>"; };
		4F819A032C4E7FE800B88A4A /* ResourceLoadingView.swift */ = {isa = PBXFileReference; lastKnownFileType = sourcecode.swift; path = ResourceLoadingView.swift; sourceTree = "<group>"; };
		4F819A052C4E7FF700B88A4A /* ResourceLoadingViewModel.swift */ = {isa = PBXFileReference; lastKnownFileType = sourcecode.swift; path = ResourceLoadingViewModel.swift; sourceTree = "<group>"; };
		4F819A072C4E800800B88A4A /* ResourceErrorView.swift */ = {isa = PBXFileReference; lastKnownFileType = sourcecode.swift; path = ResourceErrorView.swift; sourceTree = "<group>"; };
		4F819A092C4E801800B88A4A /* ResourceErrorViewModel.swift */ = {isa = PBXFileReference; lastKnownFileType = sourcecode.swift; path = ResourceErrorViewModel.swift; sourceTree = "<group>"; };
		4F819A0C2C4E805B00B88A4A /* en */ = {isa = PBXFileReference; lastKnownFileType = text.plist.strings; name = en; path = en.lproj/Shared.strings; sourceTree = "<group>"; };
		4F819A0E2C4E809700B88A4A /* ru */ = {isa = PBXFileReference; lastKnownFileType = text.plist.strings; name = ru; path = ru.lproj/Shared.strings; sourceTree = "<group>"; };
		4F819A132C4E95C300B88A4A /* FeedArticleViewCell.swift */ = {isa = PBXFileReference; lastKnownFileType = sourcecode.swift; path = FeedArticleViewCell.swift; sourceTree = "<group>"; };
		4F819A152C4EA13C00B88A4A /* FeedImageCellController.swift */ = {isa = PBXFileReference; lastKnownFileType = sourcecode.swift; path = FeedImageCellController.swift; sourceTree = "<group>"; };
		4FA2BFB72C44698900A7C2B2 /* FeedStore.swift */ = {isa = PBXFileReference; lastKnownFileType = sourcecode.swift; path = FeedStore.swift; sourceTree = "<group>"; };
		4FA76B372C5F803500FE632E /* FeedStore.xcdatamodel */ = {isa = PBXFileReference; lastKnownFileType = wrapper.xcdatamodel; path = FeedStore.xcdatamodel; sourceTree = "<group>"; };
		4FA76B3B2C5F892C00FE632E /* ImageRequestDelegate.swift */ = {isa = PBXFileReference; lastKnownFileType = sourcecode.swift; path = ImageRequestDelegate.swift; sourceTree = "<group>"; };
		4FAAF7552C512EF0005E6918 /* FeedImagePresenter.swift */ = {isa = PBXFileReference; lastKnownFileType = sourcecode.swift; path = FeedImagePresenter.swift; sourceTree = "<group>"; };
		4FAD60BD2C4EB2D700094765 /* UItableView+Dequeueing.swift */ = {isa = PBXFileReference; lastKnownFileType = sourcecode.swift; path = "UItableView+Dequeueing.swift"; sourceTree = "<group>"; };
		4FAD60BF2C4EB2F000094765 /* UIRefreshControl+Helpers.swift .swift */ = {isa = PBXFileReference; lastKnownFileType = sourcecode.swift; path = "UIRefreshControl+Helpers.swift .swift"; sourceTree = "<group>"; };
		4FAD60C42C4EB35800094765 /* UIImageView+Animations.swift */ = {isa = PBXFileReference; lastKnownFileType = sourcecode.swift; path = "UIImageView+Animations.swift"; sourceTree = "<group>"; };
		4FAD60C62C4EB78400094765 /* UIView+Shimmering.swift */ = {isa = PBXFileReference; lastKnownFileType = sourcecode.swift; path = "UIView+Shimmering.swift"; sourceTree = "<group>"; };
		4FAD60C82C4ED8F600094765 /* UITableView+HeaderSizing.swift */ = {isa = PBXFileReference; lastKnownFileType = sourcecode.swift; path = "UITableView+HeaderSizing.swift"; sourceTree = "<group>"; };
		4FAF79812C392C9D002A0695 /* XCTestCase+MemoryLeakTracking.swift */ = {isa = PBXFileReference; lastKnownFileType = sourcecode.swift; path = "XCTestCase+MemoryLeakTracking.swift"; sourceTree = "<group>"; };
		4FAF79842C392D73002A0695 /* LoadFeedFromRemoteUseCaseTests.swift */ = {isa = PBXFileReference; lastKnownFileType = sourcecode.swift; path = LoadFeedFromRemoteUseCaseTests.swift; sourceTree = "<group>"; };
		4FAF79862C393161002A0695 /* SharedTestHelpers.swift */ = {isa = PBXFileReference; lastKnownFileType = sourcecode.swift; path = SharedTestHelpers.swift; sourceTree = "<group>"; };
		4FAF79892C393316002A0695 /* HTTPClient.swift */ = {isa = PBXFileReference; lastKnownFileType = sourcecode.swift; path = HTTPClient.swift; sourceTree = "<group>"; };
		4FAF798B2C39331C002A0695 /* RemoteFeedLoader.swift */ = {isa = PBXFileReference; lastKnownFileType = sourcecode.swift; path = RemoteFeedLoader.swift; sourceTree = "<group>"; };
		4FAF798D2C394CC8002A0695 /* FeedItemsMapper.swift */ = {isa = PBXFileReference; lastKnownFileType = sourcecode.swift; path = FeedItemsMapper.swift; sourceTree = "<group>"; };
		4FC2049D2C3975CC00A9555E /* URLSessionHTTPClientTests.swift */ = {isa = PBXFileReference; lastKnownFileType = sourcecode.swift; path = URLSessionHTTPClientTests.swift; sourceTree = "<group>"; };
		4FC204A12C39762B00A9555E /* URLProtocolStub.swift */ = {isa = PBXFileReference; lastKnownFileType = sourcecode.swift; path = URLProtocolStub.swift; sourceTree = "<group>"; };
		4FE9042C2C4BD5F200A1B12A /* HTTPClientTaskWrapper.swift */ = {isa = PBXFileReference; lastKnownFileType = sourcecode.swift; path = HTTPClientTaskWrapper.swift; sourceTree = "<group>"; };
		4FF07CC52C5C17B9000CEB84 /* EssentialNewsTests.xctestplan */ = {isa = PBXFileReference; lastKnownFileType = text; name = EssentialNewsTests.xctestplan; path = ../EssentialNewsTests.xctestplan; sourceTree = "<group>"; };
		4FF2B08A2C502348003F543B /* LocalFeedImageDataLoader.swift */ = {isa = PBXFileReference; lastKnownFileType = sourcecode.swift; path = LocalFeedImageDataLoader.swift; sourceTree = "<group>"; };
		4FF2B08C2C502396003F543B /* FeedImageDataCache.swift */ = {isa = PBXFileReference; lastKnownFileType = sourcecode.swift; path = FeedImageDataCache.swift; sourceTree = "<group>"; };
		4FF2B08E2C5025A2003F543B /* FeedImageDataStore.swift */ = {isa = PBXFileReference; lastKnownFileType = sourcecode.swift; path = FeedImageDataStore.swift; sourceTree = "<group>"; };
		4FF2B0902C50290F003F543B /* CoreDataFeedStore+FeedImageDataStore.swift */ = {isa = PBXFileReference; lastKnownFileType = sourcecode.swift; path = "CoreDataFeedStore+FeedImageDataStore.swift"; sourceTree = "<group>"; };
		4FF7E8802C579CD900AD621B /* DateConvertingHelpers.swift */ = {isa = PBXFileReference; lastKnownFileType = sourcecode.swift; path = DateConvertingHelpers.swift; sourceTree = "<group>"; };
		4FF7E8822C57BDAA00AD621B /* ErrorView.swift */ = {isa = PBXFileReference; lastKnownFileType = sourcecode.swift; path = ErrorView.swift; sourceTree = "<group>"; };
		4FF7E8842C57BDCF00AD621B /* UIView+Container.swift */ = {isa = PBXFileReference; lastKnownFileType = sourcecode.swift; path = "UIView+Container.swift"; sourceTree = "<group>"; };
/* End PBXFileReference section */

/* Begin PBXFrameworksBuildPhase section */
		4F2F21472C388AE900C2BF4A /* Frameworks */ = {
			isa = PBXFrameworksBuildPhase;
			buildActionMask = 2147483647;
			files = (
			);
			runOnlyForDeploymentPostprocessing = 0;
		};
		4F2F214F2C388AE900C2BF4A /* Frameworks */ = {
			isa = PBXFrameworksBuildPhase;
			buildActionMask = 2147483647;
			files = (
				4F2F21532C388AE900C2BF4A /* EssentialNews.framework in Frameworks */,
			);
			runOnlyForDeploymentPostprocessing = 0;
		};
		4F8199DC2C4D93F300B88A4A /* Frameworks */ = {
			isa = PBXFrameworksBuildPhase;
			buildActionMask = 2147483647;
			files = (
				4FAD60BB2C4EA93D00094765 /* EssentialNews.framework in Frameworks */,
			);
			runOnlyForDeploymentPostprocessing = 0;
		};
		4F8199E32C4D93F300B88A4A /* Frameworks */ = {
			isa = PBXFrameworksBuildPhase;
			buildActionMask = 2147483647;
			files = (
				4F8199E72C4D93F300B88A4A /* EssentialNewsiOS.framework in Frameworks */,
			);
			runOnlyForDeploymentPostprocessing = 0;
		};
/* End PBXFrameworksBuildPhase section */

/* Begin PBXGroup section */
		4F27F4F72C3A75A30048B926 /* Helpers */ = {
			isa = PBXGroup;
			children = (
				4F27F4F82C3A75A90048B926 /* HTTPURLResponse+StatusCode.swift */,
			);
			path = Helpers;
			sourceTree = "<group>";
		};
		4F27F4FA2C3A76F70048B926 /* Shared API */ = {
			isa = PBXGroup;
			children = (
				4FAF79892C393316002A0695 /* HTTPClient.swift */,
				4F27F4FB2C3A77020048B926 /* URLSessionHTTPClient.swift */,
			);
			path = "Shared API";
			sourceTree = "<group>";
		};
		4F2F21402C388AE900C2BF4A = {
			isa = PBXGroup;
			children = (
				4FF07CC52C5C17B9000CEB84 /* EssentialNewsTests.xctestplan */,
				4F8199F42C4D94F400B88A4A /* EssentialNewsiOSTests.xctestplan */,
				4F2F214C2C388AE900C2BF4A /* EssentialNews */,
				4F2F21562C388AE900C2BF4A /* EssentialNewsTests */,
				4F8199E02C4D93F300B88A4A /* EssentialNewsiOS */,
				4F8199EA2C4D93F300B88A4A /* EssentialNewsiOSTests */,
				4F2F214B2C388AE900C2BF4A /* Products */,
				4FAD60BA2C4EA93D00094765 /* Frameworks */,
			);
			sourceTree = "<group>";
		};
		4F2F214B2C388AE900C2BF4A /* Products */ = {
			isa = PBXGroup;
			children = (
				4F2F214A2C388AE900C2BF4A /* EssentialNews.framework */,
				4F2F21522C388AE900C2BF4A /* EssentialNewsTests.xctest */,
				4F8199DF2C4D93F300B88A4A /* EssentialNewsiOS.framework */,
				4F8199E62C4D93F300B88A4A /* EssentialNewsiOSTests.xctest */,
			);
			name = Products;
			sourceTree = "<group>";
		};
		4F2F214C2C388AE900C2BF4A /* EssentialNews */ = {
			isa = PBXGroup;
			children = (
				4FE904322C4BFBE900A1B12A /* Shared Feed API */,
				4F8199FC2C4E76DE00B88A4A /* Shared Presentation */,
				4F3D10FA2C4069F900759FD9 /* FeedCache */,
				4F27F4FA2C3A76F70048B926 /* Shared API */,
				4FAF79882C39330B002A0695 /* Feed API */,
				4F3B27D92C39294C00FA5962 /* Feed Feature */,
				4F8199FB2C4E76C200B88A4A /* Feed Presentation */,
				4F31734C2C5E33080040DD90 /* ArticleDetail Presentation */,
				4F2F214D2C388AE900C2BF4A /* EssentialNews.h */,
			);
			path = EssentialNews;
			sourceTree = "<group>";
		};
		4F2F21562C388AE900C2BF4A /* EssentialNewsTests */ = {
			isa = PBXGroup;
			children = (
				4F8199BA2C4D4FE000B88A4A /* FeedCache */,
				4FC2049F2C3975CF00A9555E /* Shared API */,
				4FAF79802C392C90002A0695 /* Helpers */,
				4FAF79832C392D5A002A0695 /* Feed API */,
			);
			path = EssentialNewsTests;
			sourceTree = "<group>";
		};
		4F3173472C5E2DBD0040DD90 /* Article details UI */ = {
			isa = PBXGroup;
			children = (
				4F3173482C5E2DD20040DD90 /* ArticleDetailsViewController.swift */,
				4F31734A2C5E32E30040DD90 /* ArticleDetailsPresentationViewModel.swift */,
			);
			path = "Article details UI";
			sourceTree = "<group>";
		};
		4F31734C2C5E33080040DD90 /* ArticleDetail Presentation */ = {
			isa = PBXGroup;
			children = (
				4F31734D2C5E33610040DD90 /* ArticleDetailsViewModel.swift */,
				4F31734F2C5E33F90040DD90 /* ArticleDetailsPresenter.swift */,
			);
			path = "ArticleDetail Presentation";
			sourceTree = "<group>";
		};
		4F3B27D92C39294C00FA5962 /* Feed Feature */ = {
			isa = PBXGroup;
			children = (
				4F3B27DA2C39295D00FA5962 /* Models */,
				4F3B27DB2C39296E00FA5962 /* Interfaces */,
			);
			path = "Feed Feature";
			sourceTree = "<group>";
		};
		4F3B27DA2C39295D00FA5962 /* Models */ = {
			isa = PBXGroup;
			children = (
				4F2F21622C388B5400C2BF4A /* Article.swift */,
				4F2F21662C39247900C2BF4A /* Source.swift */,
			);
			path = Models;
			sourceTree = "<group>";
		};
		4F3B27DB2C39296E00FA5962 /* Interfaces */ = {
			isa = PBXGroup;
			children = (
				4F2F21642C388B8200C2BF4A /* FeedLoader.swift */,
				4F8199B62C4C351300B88A4A /* FeedCache.swift */,
				4FF2B08C2C502396003F543B /* FeedImageDataCache.swift */,
				4F292C1A2C3A9CF900DB77FE /* FeedImageDataLoader.swift */,
			);
			path = Interfaces;
			sourceTree = "<group>";
		};
		4F3D10FA2C4069F900759FD9 /* FeedCache */ = {
			isa = PBXGroup;
			children = (
				4F8199C02C4D507600B88A4A /* Inftrastructure */,
				4F3D10FB2C406A0900759FD9 /* LocalFeedLoader.swift */,
				4FA2BFB72C44698900A7C2B2 /* FeedStore.swift */,
				4FF2B08E2C5025A2003F543B /* FeedImageDataStore.swift */,
				4F6E855F2C45891900845066 /* LocalArticle.swift */,
				4F6E85612C45893B00845066 /* LocalSource.swift */,
				4F8199B82C4C3D0900B88A4A /* FeedCachePolicy.swift */,
				4FF2B08A2C502348003F543B /* LocalFeedImageDataLoader.swift */,
			);
			path = FeedCache;
			sourceTree = "<group>";
		};
		4F8199BA2C4D4FE000B88A4A /* FeedCache */ = {
			isa = PBXGroup;
			children = (
				4F8199C42C4D518C00B88A4A /* FeedStoreSpecs */,
				4F8199BB2C4D4FE400B88A4A /* Helpers */,
			);
			path = FeedCache;
			sourceTree = "<group>";
		};
		4F8199BB2C4D4FE400B88A4A /* Helpers */ = {
			isa = PBXGroup;
			children = (
				4F8199BC2C4D4FF000B88A4A /* FeedStoreSpecs.swift */,
			);
			path = Helpers;
			sourceTree = "<group>";
		};
		4F8199C02C4D507600B88A4A /* Inftrastructure */ = {
			isa = PBXGroup;
			children = (
				4F8199C12C4D507D00B88A4A /* CoreData */,
			);
			path = Inftrastructure;
			sourceTree = "<group>";
		};
		4F8199C12C4D507D00B88A4A /* CoreData */ = {
			isa = PBXGroup;
			children = (
				4F8199CB2C4D5C1D00B88A4A /* ManagedArticle.swift */,
				4F8199CD2C4D5C1D00B88A4A /* ManagedCache.swift */,
				4F8199CF2C4D5C1D00B88A4A /* ManagedSource.swift */,
				4F8199C22C4D508D00B88A4A /* CoreDataFeedStore+FeedStore.swift */,
				4FF2B0902C50290F003F543B /* CoreDataFeedStore+FeedImageDataStore.swift */,
				4F8199D62C4D5DF000B88A4A /* CoreDataFeedStore.swift */,
				4F8199D82C4D5E7200B88A4A /* CoreDataHelpers.swift */,
				4FA76B362C5F803500FE632E /* FeedStore.xcdatamodeld */,
			);
			path = CoreData;
			sourceTree = "<group>";
		};
		4F8199C42C4D518C00B88A4A /* FeedStoreSpecs */ = {
			isa = PBXGroup;
			children = (
			);
			path = FeedStoreSpecs;
			sourceTree = "<group>";
		};
		4F8199E02C4D93F300B88A4A /* EssentialNewsiOS */ = {
			isa = PBXGroup;
			children = (
				4F2E40C22C50321200645931 /* EssentialNewsiOS.h */,
				4F819A0F2C4E820600B88A4A /* Shared UI */,
				4F819A102C4E821000B88A4A /* Feed UI */,
				4F3173472C5E2DBD0040DD90 /* Article details UI */,
			);
			path = EssentialNewsiOS;
			sourceTree = "<group>";
		};
		4F8199EA2C4D93F300B88A4A /* EssentialNewsiOSTests */ = {
			isa = PBXGroup;
			children = (
			);
			path = EssentialNewsiOSTests;
			sourceTree = "<group>";
		};
		4F8199FB2C4E76C200B88A4A /* Feed Presentation */ = {
			isa = PBXGroup;
			children = (
				4F8199FD2C4E771400B88A4A /* FeedViewModel.swift */,
				4F8199FF2C4E772A00B88A4A /* FeedArticleViewModel.swift */,
				4FAAF7552C512EF0005E6918 /* FeedImagePresenter.swift */,
			);
			path = "Feed Presentation";
			sourceTree = "<group>";
		};
		4F8199FC2C4E76DE00B88A4A /* Shared Presentation */ = {
			isa = PBXGroup;
			children = (
				4F819A012C4E7FD900B88A4A /* LoadResourcePresenter.swift */,
				4F819A032C4E7FE800B88A4A /* ResourceLoadingView.swift */,
				4F819A052C4E7FF700B88A4A /* ResourceLoadingViewModel.swift */,
				4F819A072C4E800800B88A4A /* ResourceErrorView.swift */,
				4F819A092C4E801800B88A4A /* ResourceErrorViewModel.swift */,
				4F819A0B2C4E805B00B88A4A /* Shared.strings */,
			);
			path = "Shared Presentation";
			sourceTree = "<group>";
		};
		4F819A0F2C4E820600B88A4A /* Shared UI */ = {
			isa = PBXGroup;
			children = (
				4FAD60C32C4EB34900094765 /* Helpers */,
				4F8199F52C4E3CEF00B88A4A /* ListViewController.swift */,
				4F8199F92C4E41C400B88A4A /* CellController.swift */,
			);
			path = "Shared UI";
			sourceTree = "<group>";
		};
		4F819A102C4E821000B88A4A /* Feed UI */ = {
			isa = PBXGroup;
			children = (
				4F819A122C4E95B500B88A4A /* Views */,
				4F819A112C4E95AF00B88A4A /* Controllers */,
			);
			path = "Feed UI";
			sourceTree = "<group>";
		};
		4F819A112C4E95AF00B88A4A /* Controllers */ = {
			isa = PBXGroup;
			children = (
				4F819A152C4EA13C00B88A4A /* FeedImageCellController.swift */,
			);
			path = Controllers;
			sourceTree = "<group>";
		};
		4F819A122C4E95B500B88A4A /* Views */ = {
			isa = PBXGroup;
			children = (
				4FAD60BC2C4EB2D200094765 /* Helpers */,
				4F819A132C4E95C300B88A4A /* FeedArticleViewCell.swift */,
				4FF7E8822C57BDAA00AD621B /* ErrorView.swift */,
			);
			path = Views;
			sourceTree = "<group>";
		};
		4FAD60BA2C4EA93D00094765 /* Frameworks */ = {
			isa = PBXGroup;
			children = (
			);
			name = Frameworks;
			sourceTree = "<group>";
		};
		4FAD60BC2C4EB2D200094765 /* Helpers */ = {
			isa = PBXGroup;
			children = (
				4FAD60C42C4EB35800094765 /* UIImageView+Animations.swift */,
				4FAD60C62C4EB78400094765 /* UIView+Shimmering.swift */,
				4FF7E8842C57BDCF00AD621B /* UIView+Container.swift */,
			);
			path = Helpers;
			sourceTree = "<group>";
		};
		4FAD60C32C4EB34900094765 /* Helpers */ = {
			isa = PBXGroup;
			children = (
				4F3173572C5EC3340040DD90 /* Extension+DispatchQueue.swift */,
				4FAD60BD2C4EB2D700094765 /* UItableView+Dequeueing.swift */,
				4FAD60BF2C4EB2F000094765 /* UIRefreshControl+Helpers.swift .swift */,
				4FAD60C82C4ED8F600094765 /* UITableView+HeaderSizing.swift */,
				4FF7E8802C579CD900AD621B /* DateConvertingHelpers.swift */,
				4FA76B3B2C5F892C00FE632E /* ImageRequestDelegate.swift */,
			);
			path = Helpers;
			sourceTree = "<group>";
		};
		4FAF79802C392C90002A0695 /* Helpers */ = {
			isa = PBXGroup;
			children = (
				4FAF79812C392C9D002A0695 /* XCTestCase+MemoryLeakTracking.swift */,
				4FAF79862C393161002A0695 /* SharedTestHelpers.swift */,
			);
			path = Helpers;
			sourceTree = "<group>";
		};
		4FAF79832C392D5A002A0695 /* Feed API */ = {
			isa = PBXGroup;
			children = (
				4FAF79842C392D73002A0695 /* LoadFeedFromRemoteUseCaseTests.swift */,
				4F27F4F52C3A75490048B926 /* FeedItemsMapperTests.swift */,
				4F292C1E2C3AA1AF00DB77FE /* LoadRemoteFeedImageDataUseCaseTests.swift */,
				4F292C162C3A9A8E00DB77FE /* FeedImageDataMapperTests.swift */,
			);
			path = "Feed API";
			sourceTree = "<group>";
		};
		4FAF79882C39330B002A0695 /* Feed API */ = {
			isa = PBXGroup;
			children = (
				4F27F4F72C3A75A30048B926 /* Helpers */,
				4FAF798B2C39331C002A0695 /* RemoteFeedLoader.swift */,
				4F292C1C2C3A9DB500DB77FE /* RemoteFeedImageDataLoader.swift */,
				4FAF798D2C394CC8002A0695 /* FeedItemsMapper.swift */,
				4F292C182C3A9B4B00DB77FE /* FeedImageDataMapper.swift */,
			);
			path = "Feed API";
			sourceTree = "<group>";
		};
		4FC2049F2C3975CF00A9555E /* Shared API */ = {
			isa = PBXGroup;
			children = (
				4FC204A02C39761F00A9555E /* Helpers */,
				4FC2049D2C3975CC00A9555E /* URLSessionHTTPClientTests.swift */,
			);
			path = "Shared API";
			sourceTree = "<group>";
		};
		4FC204A02C39761F00A9555E /* Helpers */ = {
			isa = PBXGroup;
			children = (
				4FC204A12C39762B00A9555E /* URLProtocolStub.swift */,
			);
			path = Helpers;
			sourceTree = "<group>";
		};
		4FE904322C4BFBE900A1B12A /* Shared Feed API */ = {
			isa = PBXGroup;
			children = (
				4FE9042C2C4BD5F200A1B12A /* HTTPClientTaskWrapper.swift */,
			);
			path = "Shared Feed API";
			sourceTree = "<group>";
		};
/* End PBXGroup section */

/* Begin PBXHeadersBuildPhase section */
		4F2F21452C388AE900C2BF4A /* Headers */ = {
			isa = PBXHeadersBuildPhase;
			buildActionMask = 2147483647;
			files = (
				4F2F21592C388AE900C2BF4A /* EssentialNews.h in Headers */,
			);
			runOnlyForDeploymentPostprocessing = 0;
		};
		4F8199DA2C4D93F300B88A4A /* Headers */ = {
			isa = PBXHeadersBuildPhase;
			buildActionMask = 2147483647;
			files = (
				4F2E40C32C50321200645931 /* EssentialNewsiOS.h in Headers */,
			);
			runOnlyForDeploymentPostprocessing = 0;
		};
/* End PBXHeadersBuildPhase section */

/* Begin PBXNativeTarget section */
		4F2F21492C388AE900C2BF4A /* EssentialNews */ = {
			isa = PBXNativeTarget;
			buildConfigurationList = 4F2F215C2C388AE900C2BF4A /* Build configuration list for PBXNativeTarget "EssentialNews" */;
			buildPhases = (
				4F2F21452C388AE900C2BF4A /* Headers */,
				4F2F21462C388AE900C2BF4A /* Sources */,
				4F2F21472C388AE900C2BF4A /* Frameworks */,
				4F2F21482C388AE900C2BF4A /* Resources */,
			);
			buildRules = (
			);
			dependencies = (
			);
			name = EssentialNews;
			productName = EssentialNews;
			productReference = 4F2F214A2C388AE900C2BF4A /* EssentialNews.framework */;
			productType = "com.apple.product-type.framework";
		};
		4F2F21512C388AE900C2BF4A /* EssentialNewsTests */ = {
			isa = PBXNativeTarget;
			buildConfigurationList = 4F2F215F2C388AE900C2BF4A /* Build configuration list for PBXNativeTarget "EssentialNewsTests" */;
			buildPhases = (
				4F2F214E2C388AE900C2BF4A /* Sources */,
				4F2F214F2C388AE900C2BF4A /* Frameworks */,
				4F2F21502C388AE900C2BF4A /* Resources */,
			);
			buildRules = (
			);
			dependencies = (
				4F2F21552C388AE900C2BF4A /* PBXTargetDependency */,
			);
			name = EssentialNewsTests;
			productName = EssentialNewsTests;
			productReference = 4F2F21522C388AE900C2BF4A /* EssentialNewsTests.xctest */;
			productType = "com.apple.product-type.bundle.unit-test";
		};
		4F8199DE2C4D93F300B88A4A /* EssentialNewsiOS */ = {
			isa = PBXNativeTarget;
			buildConfigurationList = 4F8199F22C4D93F300B88A4A /* Build configuration list for PBXNativeTarget "EssentialNewsiOS" */;
			buildPhases = (
				4F8199DA2C4D93F300B88A4A /* Headers */,
				4F8199DB2C4D93F300B88A4A /* Sources */,
				4F8199DC2C4D93F300B88A4A /* Frameworks */,
				4F8199DD2C4D93F300B88A4A /* Resources */,
			);
			buildRules = (
			);
			dependencies = (
			);
			name = EssentialNewsiOS;
			productName = EssentialNewsiOS;
			productReference = 4F8199DF2C4D93F300B88A4A /* EssentialNewsiOS.framework */;
			productType = "com.apple.product-type.framework";
		};
		4F8199E52C4D93F300B88A4A /* EssentialNewsiOSTests */ = {
			isa = PBXNativeTarget;
			buildConfigurationList = 4F8199F32C4D93F300B88A4A /* Build configuration list for PBXNativeTarget "EssentialNewsiOSTests" */;
			buildPhases = (
				4F8199E22C4D93F300B88A4A /* Sources */,
				4F8199E32C4D93F300B88A4A /* Frameworks */,
				4F8199E42C4D93F300B88A4A /* Resources */,
			);
			buildRules = (
			);
			dependencies = (
				4F8199E92C4D93F300B88A4A /* PBXTargetDependency */,
			);
			name = EssentialNewsiOSTests;
			productName = EssentialNewsiOSTests;
			productReference = 4F8199E62C4D93F300B88A4A /* EssentialNewsiOSTests.xctest */;
			productType = "com.apple.product-type.bundle.unit-test";
		};
/* End PBXNativeTarget section */

/* Begin PBXProject section */
		4F2F21412C388AE900C2BF4A /* Project object */ = {
			isa = PBXProject;
			attributes = {
				BuildIndependentTargetsInParallel = 1;
				LastSwiftUpdateCheck = 1540;
				LastUpgradeCheck = 1540;
				TargetAttributes = {
					4F2F21492C388AE900C2BF4A = {
						CreatedOnToolsVersion = 15.4;
						LastSwiftMigration = 1540;
					};
					4F2F21512C388AE900C2BF4A = {
						CreatedOnToolsVersion = 15.4;
						LastSwiftMigration = 1540;
					};
					4F8199DE2C4D93F300B88A4A = {
						CreatedOnToolsVersion = 15.4;
						LastSwiftMigration = 1540;
					};
					4F8199E52C4D93F300B88A4A = {
						CreatedOnToolsVersion = 15.4;
					};
				};
			};
			buildConfigurationList = 4F2F21442C388AE900C2BF4A /* Build configuration list for PBXProject "EssentialNews" */;
			compatibilityVersion = "Xcode 14.0";
			developmentRegion = en;
			hasScannedForEncodings = 0;
			knownRegions = (
				en,
				Base,
				ru,
			);
			mainGroup = 4F2F21402C388AE900C2BF4A;
			productRefGroup = 4F2F214B2C388AE900C2BF4A /* Products */;
			projectDirPath = "";
			projectRoot = "";
			targets = (
				4F2F21492C388AE900C2BF4A /* EssentialNews */,
				4F2F21512C388AE900C2BF4A /* EssentialNewsTests */,
				4F8199DE2C4D93F300B88A4A /* EssentialNewsiOS */,
				4F8199E52C4D93F300B88A4A /* EssentialNewsiOSTests */,
			);
		};
/* End PBXProject section */

/* Begin PBXResourcesBuildPhase section */
		4F2F21482C388AE900C2BF4A /* Resources */ = {
			isa = PBXResourcesBuildPhase;
			buildActionMask = 2147483647;
			files = (
				4F819A0D2C4E805B00B88A4A /* Shared.strings in Resources */,
			);
			runOnlyForDeploymentPostprocessing = 0;
		};
		4F2F21502C388AE900C2BF4A /* Resources */ = {
			isa = PBXResourcesBuildPhase;
			buildActionMask = 2147483647;
			files = (
			);
			runOnlyForDeploymentPostprocessing = 0;
		};
		4F8199DD2C4D93F300B88A4A /* Resources */ = {
			isa = PBXResourcesBuildPhase;
			buildActionMask = 2147483647;
			files = (
			);
			runOnlyForDeploymentPostprocessing = 0;
		};
		4F8199E42C4D93F300B88A4A /* Resources */ = {
			isa = PBXResourcesBuildPhase;
			buildActionMask = 2147483647;
			files = (
			);
			runOnlyForDeploymentPostprocessing = 0;
		};
/* End PBXResourcesBuildPhase section */

/* Begin PBXSourcesBuildPhase section */
		4F2F21462C388AE900C2BF4A /* Sources */ = {
			isa = PBXSourcesBuildPhase;
			buildActionMask = 2147483647;
			files = (
				4FF2B08B2C502348003F543B /* LocalFeedImageDataLoader.swift in Sources */,
				4F292C1B2C3A9CF900DB77FE /* FeedImageDataLoader.swift in Sources */,
				4FF2B08D2C502396003F543B /* FeedImageDataCache.swift in Sources */,
				4F6E85622C45893B00845066 /* LocalSource.swift in Sources */,
				4F292C1D2C3A9DB500DB77FE /* RemoteFeedImageDataLoader.swift in Sources */,
				4FAAF7562C512EF0005E6918 /* FeedImagePresenter.swift in Sources */,
				4FF2B08F2C5025A2003F543B /* FeedImageDataStore.swift in Sources */,
				4F819A042C4E7FE800B88A4A /* ResourceLoadingView.swift in Sources */,
				4F292C192C3A9B4B00DB77FE /* FeedImageDataMapper.swift in Sources */,
				4FA2BFB82C44698900A7C2B2 /* FeedStore.swift in Sources */,
				4F2F21652C388B8200C2BF4A /* FeedLoader.swift in Sources */,
				4F8199D72C4D5DF000B88A4A /* CoreDataFeedStore.swift in Sources */,
				4F2F21632C388B5400C2BF4A /* Article.swift in Sources */,
				4F6E85602C45891900845066 /* LocalArticle.swift in Sources */,
				4F3173502C5E33F90040DD90 /* ArticleDetailsPresenter.swift in Sources */,
				4F8199B92C4C3D0900B88A4A /* FeedCachePolicy.swift in Sources */,
				4F8199B72C4C351300B88A4A /* FeedCache.swift in Sources */,
				4F27F4F92C3A75A90048B926 /* HTTPURLResponse+StatusCode.swift in Sources */,
				4F819A082C4E800800B88A4A /* ResourceErrorView.swift in Sources */,
				4F8199FE2C4E771400B88A4A /* FeedViewModel.swift in Sources */,
				4F8199D12C4D5C1D00B88A4A /* ManagedArticle.swift in Sources */,
				4F8199D32C4D5C1D00B88A4A /* ManagedCache.swift in Sources */,
				4F8199D52C4D5C1D00B88A4A /* ManagedSource.swift in Sources */,
				4FF2B0912C50290F003F543B /* CoreDataFeedStore+FeedImageDataStore.swift in Sources */,
				4FE9042D2C4BD5F200A1B12A /* HTTPClientTaskWrapper.swift in Sources */,
				4F819A022C4E7FD900B88A4A /* LoadResourcePresenter.swift in Sources */,
				4F819A0A2C4E801800B88A4A /* ResourceErrorViewModel.swift in Sources */,
				4F3D10FC2C406A0900759FD9 /* LocalFeedLoader.swift in Sources */,
				4F819A062C4E7FF700B88A4A /* ResourceLoadingViewModel.swift in Sources */,
				4F31734E2C5E33610040DD90 /* ArticleDetailsViewModel.swift in Sources */,
				4F27F4FC2C3A77020048B926 /* URLSessionHTTPClient.swift in Sources */,
				4FA76B382C5F803500FE632E /* FeedStore.xcdatamodeld in Sources */,
				4FAF798A2C393316002A0695 /* HTTPClient.swift in Sources */,
				4F8199D92C4D5E7200B88A4A /* CoreDataHelpers.swift in Sources */,
				4F8199C32C4D508D00B88A4A /* CoreDataFeedStore+FeedStore.swift in Sources */,
				4F819A002C4E772A00B88A4A /* FeedArticleViewModel.swift in Sources */,
				4FAF798E2C394CC8002A0695 /* FeedItemsMapper.swift in Sources */,
				4FAF798C2C39331C002A0695 /* RemoteFeedLoader.swift in Sources */,
				4F2F21672C39247900C2BF4A /* Source.swift in Sources */,
			);
			runOnlyForDeploymentPostprocessing = 0;
		};
		4F2F214E2C388AE900C2BF4A /* Sources */ = {
			isa = PBXSourcesBuildPhase;
			buildActionMask = 2147483647;
			files = (
				4F292C172C3A9A8E00DB77FE /* FeedImageDataMapperTests.swift in Sources */,
				4F8199BD2C4D4FF000B88A4A /* FeedStoreSpecs.swift in Sources */,
				4FAF79852C392D73002A0695 /* LoadFeedFromRemoteUseCaseTests.swift in Sources */,
				4F27F4F62C3A75490048B926 /* FeedItemsMapperTests.swift in Sources */,
				4FAF79822C392C9D002A0695 /* XCTestCase+MemoryLeakTracking.swift in Sources */,
				4FAF79872C393161002A0695 /* SharedTestHelpers.swift in Sources */,
				4FC2049E2C3975CC00A9555E /* URLSessionHTTPClientTests.swift in Sources */,
				4F292C1F2C3AA1AF00DB77FE /* LoadRemoteFeedImageDataUseCaseTests.swift in Sources */,
				4FC204A22C39762B00A9555E /* URLProtocolStub.swift in Sources */,
			);
			runOnlyForDeploymentPostprocessing = 0;
		};
		4F8199DB2C4D93F300B88A4A /* Sources */ = {
			isa = PBXSourcesBuildPhase;
			buildActionMask = 2147483647;
			files = (
				4F31734B2C5E32E30040DD90 /* ArticleDetailsPresentationViewModel.swift in Sources */,
				4FF7E8852C57BDCF00AD621B /* UIView+Container.swift in Sources */,
				4F8199F62C4E3CEF00B88A4A /* ListViewController.swift in Sources */,
				4FAD60C52C4EB35800094765 /* UIImageView+Animations.swift in Sources */,
				4F3173492C5E2DD20040DD90 /* ArticleDetailsViewController.swift in Sources */,
				4F819A142C4E95C300B88A4A /* FeedArticleViewCell.swift in Sources */,
				4F8199FA2C4E41C400B88A4A /* CellController.swift in Sources */,
				4FAD60C92C4ED8F600094765 /* UITableView+HeaderSizing.swift in Sources */,
				4FF7E8812C579CD900AD621B /* DateConvertingHelpers.swift in Sources */,
				4FAD60C02C4EB2F000094765 /* UIRefreshControl+Helpers.swift .swift in Sources */,
				4FF7E8832C57BDAA00AD621B /* ErrorView.swift in Sources */,
				4F819A162C4EA13C00B88A4A /* FeedImageCellController.swift in Sources */,
				4FA76B3C2C5F892C00FE632E /* ImageRequestDelegate.swift in Sources */,
				4F3173582C5EC3340040DD90 /* Extension+DispatchQueue.swift in Sources */,
				4FAD60C72C4EB78400094765 /* UIView+Shimmering.swift in Sources */,
				4FAD60BE2C4EB2D700094765 /* UItableView+Dequeueing.swift in Sources */,
			);
			runOnlyForDeploymentPostprocessing = 0;
		};
		4F8199E22C4D93F300B88A4A /* Sources */ = {
			isa = PBXSourcesBuildPhase;
			buildActionMask = 2147483647;
			files = (
			);
			runOnlyForDeploymentPostprocessing = 0;
		};
/* End PBXSourcesBuildPhase section */

/* Begin PBXTargetDependency section */
		4F2F21552C388AE900C2BF4A /* PBXTargetDependency */ = {
			isa = PBXTargetDependency;
			target = 4F2F21492C388AE900C2BF4A /* EssentialNews */;
			targetProxy = 4F2F21542C388AE900C2BF4A /* PBXContainerItemProxy */;
		};
		4F8199E92C4D93F300B88A4A /* PBXTargetDependency */ = {
			isa = PBXTargetDependency;
			target = 4F8199DE2C4D93F300B88A4A /* EssentialNewsiOS */;
			targetProxy = 4F8199E82C4D93F300B88A4A /* PBXContainerItemProxy */;
		};
/* End PBXTargetDependency section */

/* Begin PBXVariantGroup section */
		4F819A0B2C4E805B00B88A4A /* Shared.strings */ = {
			isa = PBXVariantGroup;
			children = (
				4F819A0C2C4E805B00B88A4A /* en */,
				4F819A0E2C4E809700B88A4A /* ru */,
			);
			name = Shared.strings;
			sourceTree = "<group>";
		};
/* End PBXVariantGroup section */

/* Begin XCBuildConfiguration section */
		4F2F215A2C388AE900C2BF4A /* Debug */ = {
			isa = XCBuildConfiguration;
			buildSettings = {
				ALWAYS_SEARCH_USER_PATHS = NO;
				ASSETCATALOG_COMPILER_GENERATE_SWIFT_ASSET_SYMBOL_EXTENSIONS = YES;
				CLANG_ANALYZER_LOCALIZABILITY_NONLOCALIZED = YES;
				CLANG_ANALYZER_NONNULL = YES;
				CLANG_ANALYZER_NUMBER_OBJECT_CONVERSION = YES_AGGRESSIVE;
				CLANG_CXX_LANGUAGE_STANDARD = "gnu++20";
				CLANG_ENABLE_MODULES = YES;
				CLANG_ENABLE_OBJC_ARC = YES;
				CLANG_ENABLE_OBJC_WEAK = YES;
				CLANG_WARN_BLOCK_CAPTURE_AUTORELEASING = YES;
				CLANG_WARN_BOOL_CONVERSION = YES;
				CLANG_WARN_COMMA = YES;
				CLANG_WARN_CONSTANT_CONVERSION = YES;
				CLANG_WARN_DEPRECATED_OBJC_IMPLEMENTATIONS = YES;
				CLANG_WARN_DIRECT_OBJC_ISA_USAGE = YES_ERROR;
				CLANG_WARN_DOCUMENTATION_COMMENTS = YES;
				CLANG_WARN_EMPTY_BODY = YES;
				CLANG_WARN_ENUM_CONVERSION = YES;
				CLANG_WARN_INFINITE_RECURSION = YES;
				CLANG_WARN_INT_CONVERSION = YES;
				CLANG_WARN_NON_LITERAL_NULL_CONVERSION = YES;
				CLANG_WARN_OBJC_IMPLICIT_RETAIN_SELF = YES;
				CLANG_WARN_OBJC_LITERAL_CONVERSION = YES;
				CLANG_WARN_OBJC_ROOT_CLASS = YES_ERROR;
				CLANG_WARN_QUOTED_INCLUDE_IN_FRAMEWORK_HEADER = YES;
				CLANG_WARN_RANGE_LOOP_ANALYSIS = YES;
				CLANG_WARN_STRICT_PROTOTYPES = YES;
				CLANG_WARN_SUSPICIOUS_MOVE = YES;
				CLANG_WARN_UNGUARDED_AVAILABILITY = YES_AGGRESSIVE;
				CLANG_WARN_UNREACHABLE_CODE = YES;
				CLANG_WARN__DUPLICATE_METHOD_MATCH = YES;
				COPY_PHASE_STRIP = NO;
				CURRENT_PROJECT_VERSION = 1;
				DEBUG_INFORMATION_FORMAT = dwarf;
				DEFINES_MODULE = NO;
				ENABLE_STRICT_OBJC_MSGSEND = YES;
				ENABLE_TESTABILITY = YES;
				ENABLE_USER_SCRIPT_SANDBOXING = YES;
				GCC_C_LANGUAGE_STANDARD = gnu17;
				GCC_DYNAMIC_NO_PIC = NO;
				GCC_NO_COMMON_BLOCKS = YES;
				GCC_OPTIMIZATION_LEVEL = 0;
				GCC_PREPROCESSOR_DEFINITIONS = (
					"DEBUG=1",
					"$(inherited)",
				);
				GCC_WARN_64_TO_32_BIT_CONVERSION = YES;
				GCC_WARN_ABOUT_RETURN_TYPE = YES_ERROR;
				GCC_WARN_UNDECLARED_SELECTOR = YES;
				GCC_WARN_UNINITIALIZED_AUTOS = YES_AGGRESSIVE;
				GCC_WARN_UNUSED_FUNCTION = YES;
				GCC_WARN_UNUSED_VARIABLE = YES;
				LOCALIZATION_PREFERS_STRING_CATALOGS = YES;
				MACOSX_DEPLOYMENT_TARGET = 14.5;
				MTL_ENABLE_DEBUG_INFO = INCLUDE_SOURCE;
				MTL_FAST_MATH = YES;
				ONLY_ACTIVE_ARCH = YES;
				SDKROOT = macosx;
				SWIFT_ACTIVE_COMPILATION_CONDITIONS = "DEBUG $(inherited)";
				SWIFT_OPTIMIZATION_LEVEL = "-Onone";
				VERSIONING_SYSTEM = "apple-generic";
				VERSION_INFO_PREFIX = "";
			};
			name = Debug;
		};
		4F2F215B2C388AE900C2BF4A /* Release */ = {
			isa = XCBuildConfiguration;
			buildSettings = {
				ALWAYS_SEARCH_USER_PATHS = NO;
				ASSETCATALOG_COMPILER_GENERATE_SWIFT_ASSET_SYMBOL_EXTENSIONS = YES;
				CLANG_ANALYZER_LOCALIZABILITY_NONLOCALIZED = YES;
				CLANG_ANALYZER_NONNULL = YES;
				CLANG_ANALYZER_NUMBER_OBJECT_CONVERSION = YES_AGGRESSIVE;
				CLANG_CXX_LANGUAGE_STANDARD = "gnu++20";
				CLANG_ENABLE_MODULES = YES;
				CLANG_ENABLE_OBJC_ARC = YES;
				CLANG_ENABLE_OBJC_WEAK = YES;
				CLANG_WARN_BLOCK_CAPTURE_AUTORELEASING = YES;
				CLANG_WARN_BOOL_CONVERSION = YES;
				CLANG_WARN_COMMA = YES;
				CLANG_WARN_CONSTANT_CONVERSION = YES;
				CLANG_WARN_DEPRECATED_OBJC_IMPLEMENTATIONS = YES;
				CLANG_WARN_DIRECT_OBJC_ISA_USAGE = YES_ERROR;
				CLANG_WARN_DOCUMENTATION_COMMENTS = YES;
				CLANG_WARN_EMPTY_BODY = YES;
				CLANG_WARN_ENUM_CONVERSION = YES;
				CLANG_WARN_INFINITE_RECURSION = YES;
				CLANG_WARN_INT_CONVERSION = YES;
				CLANG_WARN_NON_LITERAL_NULL_CONVERSION = YES;
				CLANG_WARN_OBJC_IMPLICIT_RETAIN_SELF = YES;
				CLANG_WARN_OBJC_LITERAL_CONVERSION = YES;
				CLANG_WARN_OBJC_ROOT_CLASS = YES_ERROR;
				CLANG_WARN_QUOTED_INCLUDE_IN_FRAMEWORK_HEADER = YES;
				CLANG_WARN_RANGE_LOOP_ANALYSIS = YES;
				CLANG_WARN_STRICT_PROTOTYPES = YES;
				CLANG_WARN_SUSPICIOUS_MOVE = YES;
				CLANG_WARN_UNGUARDED_AVAILABILITY = YES_AGGRESSIVE;
				CLANG_WARN_UNREACHABLE_CODE = YES;
				CLANG_WARN__DUPLICATE_METHOD_MATCH = YES;
				COPY_PHASE_STRIP = NO;
				CURRENT_PROJECT_VERSION = 1;
				DEBUG_INFORMATION_FORMAT = "dwarf-with-dsym";
				DEFINES_MODULE = NO;
				ENABLE_NS_ASSERTIONS = NO;
				ENABLE_STRICT_OBJC_MSGSEND = YES;
				ENABLE_USER_SCRIPT_SANDBOXING = YES;
				GCC_C_LANGUAGE_STANDARD = gnu17;
				GCC_NO_COMMON_BLOCKS = YES;
				GCC_WARN_64_TO_32_BIT_CONVERSION = YES;
				GCC_WARN_ABOUT_RETURN_TYPE = YES_ERROR;
				GCC_WARN_UNDECLARED_SELECTOR = YES;
				GCC_WARN_UNINITIALIZED_AUTOS = YES_AGGRESSIVE;
				GCC_WARN_UNUSED_FUNCTION = YES;
				GCC_WARN_UNUSED_VARIABLE = YES;
				LOCALIZATION_PREFERS_STRING_CATALOGS = YES;
				MACOSX_DEPLOYMENT_TARGET = 14.5;
				MTL_ENABLE_DEBUG_INFO = NO;
				MTL_FAST_MATH = YES;
				SDKROOT = macosx;
				SWIFT_COMPILATION_MODE = wholemodule;
				VERSIONING_SYSTEM = "apple-generic";
				VERSION_INFO_PREFIX = "";
			};
			name = Release;
		};
		4F2F215D2C388AE900C2BF4A /* Debug */ = {
			isa = XCBuildConfiguration;
			buildSettings = {
				BUILD_LIBRARY_FOR_DISTRIBUTION = YES;
				CLANG_ENABLE_MODULES = YES;
				CODE_SIGN_STYLE = Automatic;
				COMBINE_HIDPI_IMAGES = YES;
				CURRENT_PROJECT_VERSION = 1;
				DEFINES_MODULE = YES;
				DEVELOPMENT_TEAM = 5YJ9NPM7MQ;
				DYLIB_COMPATIBILITY_VERSION = 1;
				DYLIB_CURRENT_VERSION = 1;
				DYLIB_INSTALL_NAME_BASE = "@rpath";
				ENABLE_MODULE_VERIFIER = YES;
				GENERATE_INFOPLIST_FILE = YES;
				INFOPLIST_KEY_NSHumanReadableCopyright = "";
				INSTALL_PATH = "$(LOCAL_LIBRARY_DIR)/Frameworks";
				LD_RUNPATH_SEARCH_PATHS = (
					"$(inherited)",
					"@executable_path/../Frameworks",
					"@loader_path/Frameworks",
				);
				MARKETING_VERSION = 1.0;
				MODULE_VERIFIER_SUPPORTED_LANGUAGES = "objective-c objective-c++";
				MODULE_VERIFIER_SUPPORTED_LANGUAGE_STANDARDS = "gnu17 gnu++20";
				PRODUCT_BUNDLE_IDENTIFIER = com.fenominall.EssentialNews;
				PRODUCT_NAME = "$(TARGET_NAME:c99extidentifier)";
				SKIP_INSTALL = YES;
				SUPPORTED_PLATFORMS = "macosx iphoneos iphonesimulator";
				SWIFT_EMIT_LOC_STRINGS = YES;
				SWIFT_INSTALL_OBJC_HEADER = NO;
				SWIFT_OPTIMIZATION_LEVEL = "-Onone";
				SWIFT_VERSION = 5.0;
			};
			name = Debug;
		};
		4F2F215E2C388AE900C2BF4A /* Release */ = {
			isa = XCBuildConfiguration;
			buildSettings = {
				BUILD_LIBRARY_FOR_DISTRIBUTION = YES;
				CLANG_ENABLE_MODULES = YES;
				CODE_SIGN_STYLE = Automatic;
				COMBINE_HIDPI_IMAGES = YES;
				CURRENT_PROJECT_VERSION = 1;
				DEFINES_MODULE = YES;
				DEVELOPMENT_TEAM = 5YJ9NPM7MQ;
				DYLIB_COMPATIBILITY_VERSION = 1;
				DYLIB_CURRENT_VERSION = 1;
				DYLIB_INSTALL_NAME_BASE = "@rpath";
				ENABLE_MODULE_VERIFIER = YES;
				GENERATE_INFOPLIST_FILE = YES;
				INFOPLIST_KEY_NSHumanReadableCopyright = "";
				INSTALL_PATH = "$(LOCAL_LIBRARY_DIR)/Frameworks";
				LD_RUNPATH_SEARCH_PATHS = (
					"$(inherited)",
					"@executable_path/../Frameworks",
					"@loader_path/Frameworks",
				);
				MARKETING_VERSION = 1.0;
				MODULE_VERIFIER_SUPPORTED_LANGUAGES = "objective-c objective-c++";
				MODULE_VERIFIER_SUPPORTED_LANGUAGE_STANDARDS = "gnu17 gnu++20";
				PRODUCT_BUNDLE_IDENTIFIER = com.fenominall.EssentialNews;
				PRODUCT_NAME = "$(TARGET_NAME:c99extidentifier)";
				SKIP_INSTALL = YES;
				SUPPORTED_PLATFORMS = "macosx iphoneos iphonesimulator";
				SWIFT_EMIT_LOC_STRINGS = YES;
				SWIFT_INSTALL_OBJC_HEADER = NO;
				SWIFT_VERSION = 5.0;
			};
			name = Release;
		};
		4F2F21602C388AE900C2BF4A /* Debug */ = {
			isa = XCBuildConfiguration;
			buildSettings = {
				ALWAYS_EMBED_SWIFT_STANDARD_LIBRARIES = YES;
				CLANG_ENABLE_MODULES = YES;
				CODE_SIGN_STYLE = Automatic;
				CURRENT_PROJECT_VERSION = 1;
				DEVELOPMENT_TEAM = 5YJ9NPM7MQ;
				GENERATE_INFOPLIST_FILE = YES;
				MARKETING_VERSION = 1.0;
				PRODUCT_BUNDLE_IDENTIFIER = com.fenominall.EssentialNewsTests;
				PRODUCT_NAME = "$(TARGET_NAME)";
				SWIFT_EMIT_LOC_STRINGS = NO;
				SWIFT_OPTIMIZATION_LEVEL = "-Onone";
				SWIFT_VERSION = 5.0;
			};
			name = Debug;
		};
		4F2F21612C388AE900C2BF4A /* Release */ = {
			isa = XCBuildConfiguration;
			buildSettings = {
				ALWAYS_EMBED_SWIFT_STANDARD_LIBRARIES = YES;
				CLANG_ENABLE_MODULES = YES;
				CODE_SIGN_STYLE = Automatic;
				CURRENT_PROJECT_VERSION = 1;
				DEVELOPMENT_TEAM = 5YJ9NPM7MQ;
				GENERATE_INFOPLIST_FILE = YES;
				MARKETING_VERSION = 1.0;
				PRODUCT_BUNDLE_IDENTIFIER = com.fenominall.EssentialNewsTests;
				PRODUCT_NAME = "$(TARGET_NAME)";
				SWIFT_EMIT_LOC_STRINGS = NO;
				SWIFT_VERSION = 5.0;
			};
			name = Release;
		};
		4F8199EE2C4D93F300B88A4A /* Debug */ = {
			isa = XCBuildConfiguration;
			buildSettings = {
				BUILD_LIBRARY_FOR_DISTRIBUTION = YES;
				CLANG_ENABLE_MODULES = YES;
				CODE_SIGN_STYLE = Automatic;
				CURRENT_PROJECT_VERSION = 1;
				DEFINES_MODULE = NO;
				DEVELOPMENT_TEAM = 5YJ9NPM7MQ;
				DYLIB_COMPATIBILITY_VERSION = 1;
				DYLIB_CURRENT_VERSION = 1;
				DYLIB_INSTALL_NAME_BASE = "@rpath";
				ENABLE_MODULE_VERIFIER = YES;
				FRAMEWORK_SEARCH_PATHS = (
					"$(SRCROOT)",
					"$(inherited)",
				);
				GENERATE_INFOPLIST_FILE = YES;
				INFOPLIST_KEY_NSHumanReadableCopyright = "";
				INSTALL_PATH = "$(LOCAL_LIBRARY_DIR)/Frameworks";
				IPHONEOS_DEPLOYMENT_TARGET = 17.5;
				LD_RUNPATH_SEARCH_PATHS = (
					"$(inherited)",
					"@executable_path/Frameworks",
					"@loader_path/Frameworks",
				);
				MARKETING_VERSION = 1.0;
				MODULE_VERIFIER_SUPPORTED_LANGUAGES = "objective-c objective-c++";
				MODULE_VERIFIER_SUPPORTED_LANGUAGE_STANDARDS = "gnu17 gnu++20";
				PRODUCT_BUNDLE_IDENTIFIER = com.fenominall.EssentialNewsiOS;
				PRODUCT_NAME = "$(TARGET_NAME:c99extidentifier)";
				SDKROOT = iphoneos;
				SKIP_INSTALL = YES;
				SWIFT_EMIT_LOC_STRINGS = YES;
				SWIFT_INSTALL_OBJC_HEADER = NO;
				SWIFT_OPTIMIZATION_LEVEL = "-Onone";
				SWIFT_VERSION = 5.0;
				TARGETED_DEVICE_FAMILY = "1,2";
			};
			name = Debug;
		};
		4F8199EF2C4D93F300B88A4A /* Release */ = {
			isa = XCBuildConfiguration;
			buildSettings = {
				BUILD_LIBRARY_FOR_DISTRIBUTION = YES;
				CLANG_ENABLE_MODULES = YES;
				CODE_SIGN_STYLE = Automatic;
				CURRENT_PROJECT_VERSION = 1;
				DEFINES_MODULE = NO;
				DEVELOPMENT_TEAM = 5YJ9NPM7MQ;
				DYLIB_COMPATIBILITY_VERSION = 1;
				DYLIB_CURRENT_VERSION = 1;
				DYLIB_INSTALL_NAME_BASE = "@rpath";
				ENABLE_MODULE_VERIFIER = YES;
				FRAMEWORK_SEARCH_PATHS = (
					"$(SRCROOT)",
					"$(inherited)",
				);
				GENERATE_INFOPLIST_FILE = YES;
				INFOPLIST_KEY_NSHumanReadableCopyright = "";
				INSTALL_PATH = "$(LOCAL_LIBRARY_DIR)/Frameworks";
				IPHONEOS_DEPLOYMENT_TARGET = 17.5;
				LD_RUNPATH_SEARCH_PATHS = (
					"$(inherited)",
					"@executable_path/Frameworks",
					"@loader_path/Frameworks",
				);
				MARKETING_VERSION = 1.0;
				MODULE_VERIFIER_SUPPORTED_LANGUAGES = "objective-c objective-c++";
				MODULE_VERIFIER_SUPPORTED_LANGUAGE_STANDARDS = "gnu17 gnu++20";
				PRODUCT_BUNDLE_IDENTIFIER = com.fenominall.EssentialNewsiOS;
				PRODUCT_NAME = "$(TARGET_NAME:c99extidentifier)";
				SDKROOT = iphoneos;
				SKIP_INSTALL = YES;
				SWIFT_EMIT_LOC_STRINGS = YES;
				SWIFT_INSTALL_OBJC_HEADER = NO;
				SWIFT_VERSION = 5.0;
				TARGETED_DEVICE_FAMILY = "1,2";
				VALIDATE_PRODUCT = YES;
			};
			name = Release;
		};
		4F8199F02C4D93F300B88A4A /* Debug */ = {
			isa = XCBuildConfiguration;
			buildSettings = {
				ALWAYS_EMBED_SWIFT_STANDARD_LIBRARIES = YES;
				CODE_SIGN_STYLE = Automatic;
				CURRENT_PROJECT_VERSION = 1;
				DEVELOPMENT_TEAM = 5YJ9NPM7MQ;
				GENERATE_INFOPLIST_FILE = YES;
				IPHONEOS_DEPLOYMENT_TARGET = 17.5;
				MARKETING_VERSION = 1.0;
				PRODUCT_BUNDLE_IDENTIFIER = com.fenominall.EssentialNewsiOSTests;
				PRODUCT_NAME = "$(TARGET_NAME)";
				SDKROOT = iphoneos;
				SWIFT_EMIT_LOC_STRINGS = NO;
				SWIFT_VERSION = 5.0;
				TARGETED_DEVICE_FAMILY = "1,2";
			};
			name = Debug;
		};
		4F8199F12C4D93F300B88A4A /* Release */ = {
			isa = XCBuildConfiguration;
			buildSettings = {
				ALWAYS_EMBED_SWIFT_STANDARD_LIBRARIES = YES;
				CODE_SIGN_STYLE = Automatic;
				CURRENT_PROJECT_VERSION = 1;
				DEVELOPMENT_TEAM = 5YJ9NPM7MQ;
				GENERATE_INFOPLIST_FILE = YES;
				IPHONEOS_DEPLOYMENT_TARGET = 17.5;
				MARKETING_VERSION = 1.0;
				PRODUCT_BUNDLE_IDENTIFIER = com.fenominall.EssentialNewsiOSTests;
				PRODUCT_NAME = "$(TARGET_NAME)";
				SDKROOT = iphoneos;
				SWIFT_EMIT_LOC_STRINGS = NO;
				SWIFT_VERSION = 5.0;
				TARGETED_DEVICE_FAMILY = "1,2";
				VALIDATE_PRODUCT = YES;
			};
			name = Release;
		};
/* End XCBuildConfiguration section */

/* Begin XCConfigurationList section */
		4F2F21442C388AE900C2BF4A /* Build configuration list for PBXProject "EssentialNews" */ = {
			isa = XCConfigurationList;
			buildConfigurations = (
				4F2F215A2C388AE900C2BF4A /* Debug */,
				4F2F215B2C388AE900C2BF4A /* Release */,
			);
			defaultConfigurationIsVisible = 0;
			defaultConfigurationName = Release;
		};
		4F2F215C2C388AE900C2BF4A /* Build configuration list for PBXNativeTarget "EssentialNews" */ = {
			isa = XCConfigurationList;
			buildConfigurations = (
				4F2F215D2C388AE900C2BF4A /* Debug */,
				4F2F215E2C388AE900C2BF4A /* Release */,
			);
			defaultConfigurationIsVisible = 0;
			defaultConfigurationName = Release;
		};
		4F2F215F2C388AE900C2BF4A /* Build configuration list for PBXNativeTarget "EssentialNewsTests" */ = {
			isa = XCConfigurationList;
			buildConfigurations = (
				4F2F21602C388AE900C2BF4A /* Debug */,
				4F2F21612C388AE900C2BF4A /* Release */,
			);
			defaultConfigurationIsVisible = 0;
			defaultConfigurationName = Release;
		};
		4F8199F22C4D93F300B88A4A /* Build configuration list for PBXNativeTarget "EssentialNewsiOS" */ = {
			isa = XCConfigurationList;
			buildConfigurations = (
				4F8199EE2C4D93F300B88A4A /* Debug */,
				4F8199EF2C4D93F300B88A4A /* Release */,
			);
			defaultConfigurationIsVisible = 0;
			defaultConfigurationName = Release;
		};
		4F8199F32C4D93F300B88A4A /* Build configuration list for PBXNativeTarget "EssentialNewsiOSTests" */ = {
			isa = XCConfigurationList;
			buildConfigurations = (
				4F8199F02C4D93F300B88A4A /* Debug */,
				4F8199F12C4D93F300B88A4A /* Release */,
			);
			defaultConfigurationIsVisible = 0;
			defaultConfigurationName = Release;
		};
/* End XCConfigurationList section */

/* Begin XCVersionGroup section */
		4FA76B362C5F803500FE632E /* FeedStore.xcdatamodeld */ = {
			isa = XCVersionGroup;
			children = (
				4FA76B372C5F803500FE632E /* FeedStore.xcdatamodel */,
			);
			currentVersion = 4FA76B372C5F803500FE632E /* FeedStore.xcdatamodel */;
			name = FeedStore.xcdatamodeld;
			path = "/Users/fenominall/Library/Mobile Documents/com~apple~CloudDocs/Documents/EssentialNews/EssentialNews/EssentialNews/FeedCache/Inftrastructure/CoreData/FeedStore.xcdatamodeld";
			sourceTree = "<group>";
			versionGroupType = wrapper.xcdatamodel;
		};
/* End XCVersionGroup section */
	};
	rootObject = 4F2F21412C388AE900C2BF4A /* Project object */;
}
